
Microsoft Visual Studio Solution File, Format Version 12.00
# Visual Studio 2012
Project("{FAE04EC0-301F-11D3-BF4B-00C04F79EFBC}") = "Dynamics", "Dynamics\Dynamics.csproj", "{E765AC1E-3417-4B4C-AD78-752414B61EEC}"
EndProject
Project("{FAE04EC0-301F-11D3-BF4B-00C04F79EFBC}") = "Twitter", "Twitter\Twitter.csproj", "{85AAFA5E-2FF4-4C13-9F8E-39E4CC85669E}"
EndProject
Project("{FAE04EC0-301F-11D3-BF4B-00C04F79EFBC}") = "Console", "Console\Console.csproj", "{65E73ABF-344F-4428-A3DD-D888C6372F3A}"
EndProject
Project("{FAE04EC0-301F-11D3-BF4B-00C04F79EFBC}") = "TwitterListManager", "TwitterListManager\TwitterListManager.csproj", "{BCD8D65D-689C-48CB-80FF-87167A8072DA}"
EndProject
Project("{FAE04EC0-301F-11D3-BF4B-00C04F79EFBC}") = "Compression", "Compression\Compression.csproj", "{AFF95C3B-CDCB-48CF-A55A-CAE112F16D44}"
EndProject
Project("{FAE04EC0-301F-11D3-BF4B-00C04F79EFBC}") = "DNTTrack", "DNTTrack\DNTTrack.csproj", "{21F0F767-BE6D-4166-A420-3F02678E57D8}"
EndProject
Project("{FAE04EC0-301F-11D3-BF4B-00C04F79EFBC}") = "BitVectorExperiments", "BitVectorExperiments\BitVectorExperiments.csproj", "{A1B5DC8B-90C4-42E9-A6D5-987ED752DAE9}"
EndProject
Project("{FAE04EC0-301F-11D3-BF4B-00C04F79EFBC}") = "CollectionTests", "CollectionTests\CollectionTests.csproj", "{609DF160-69F5-4185-AA40-4E6B788A63B4}"
EndProject
Global
	GlobalSection(SolutionConfigurationPlatforms) = preSolution
		Debug|Any CPU = Debug|Any CPU
		Debug|Mixed Platforms = Debug|Mixed Platforms
		Debug|x86 = Debug|x86
		Release|Any CPU = Release|Any CPU
		Release|Mixed Platforms = Release|Mixed Platforms
		Release|x86 = Release|x86
	EndGlobalSection
	GlobalSection(ProjectConfigurationPlatforms) = postSolution
		{21F0F767-BE6D-4166-A420-3F02678E57D8}.Debug|Any CPU.ActiveCfg = Debug|Any CPU
		{21F0F767-BE6D-4166-A420-3F02678E57D8}.Debug|Any CPU.Build.0 = Debug|Any CPU
		{21F0F767-BE6D-4166-A420-3F02678E57D8}.Debug|Mixed Platforms.ActiveCfg = Debug|Any CPU
		{21F0F767-BE6D-4166-A420-3F02678E57D8}.Debug|Mixed Platforms.Build.0 = Debug|Any CPU
		{21F0F767-BE6D-4166-A420-3F02678E57D8}.Debug|x86.ActiveCfg = Debug|Any CPU
		{21F0F767-BE6D-4166-A420-3F02678E57D8}.Release|Any CPU.ActiveCfg = Release|Any CPU
		{21F0F767-BE6D-4166-A420-3F02678E57D8}.Release|Any CPU.Build.0 = Release|Any CPU
		{21F0F767-BE6D-4166-A420-3F02678E57D8}.Release|Mixed Platforms.ActiveCfg = Release|Any CPU
		{21F0F767-BE6D-4166-A420-3F02678E57D8}.Release|Mixed Platforms.Build.0 = Release|Any CPU
		{21F0F767-BE6D-4166-A420-3F02678E57D8}.Release|x86.ActiveCfg = Release|Any CPU
		{609DF160-69F5-4185-AA40-4E6B788A63B4}.Debug|Any CPU.ActiveCfg = Debug|Any CPU
		{609DF160-69F5-4185-AA40-4E6B788A63B4}.Debug|Any CPU.Build.0 = Debug|Any CPU
		{609DF160-69F5-4185-AA40-4E6B788A63B4}.Debug|Mixed Platforms.ActiveCfg = Debug|Any CPU
		{609DF160-69F5-4185-AA40-4E6B788A63B4}.Debug|Mixed Platforms.Build.0 = Debug|Any CPU
		{609DF160-69F5-4185-AA40-4E6B788A63B4}.Debug|x86.ActiveCfg = Debug|Any CPU
		{609DF160-69F5-4185-AA40-4E6B788A63B4}.Debug|x86.Build.0 = Debug|Any CPU
		{609DF160-69F5-4185-AA40-4E6B788A63B4}.Release|Any CPU.ActiveCfg = Release|Any CPU
		{609DF160-69F5-4185-AA40-4E6B788A63B4}.Release|Any CPU.Build.0 = Release|Any CPU
		{609DF160-69F5-4185-AA40-4E6B788A63B4}.Release|Mixed Platforms.ActiveCfg = Release|Any CPU
		{609DF160-69F5-4185-AA40-4E6B788A63B4}.Release|Mixed Platforms.Build.0 = Release|Any CPU
		{609DF160-69F5-4185-AA40-4E6B788A63B4}.Release|x86.ActiveCfg = Release|Any CPU
		{65E73ABF-344F-4428-A3DD-D888C6372F3A}.Debug|Any CPU.ActiveCfg = Debug|x86
		{65E73ABF-344F-4428-A3DD-D888C6372F3A}.Debug|Mixed Platforms.ActiveCfg = Debug|x86
		{65E73ABF-344F-4428-A3DD-D888C6372F3A}.Debug|Mixed Platforms.Build.0 = Debug|x86
		{65E73ABF-344F-4428-A3DD-D888C6372F3A}.Debug|x86.ActiveCfg = Debug|x86
		{65E73ABF-344F-4428-A3DD-D888C6372F3A}.Debug|x86.Build.0 = Debug|x86
		{65E73ABF-344F-4428-A3DD-D888C6372F3A}.Release|Any CPU.ActiveCfg = Release|x86
		{65E73ABF-344F-4428-A3DD-D888C6372F3A}.Release|Mixed Platforms.ActiveCfg = Release|x86
		{65E73ABF-344F-4428-A3DD-D888C6372F3A}.Release|Mixed Platforms.Build.0 = Release|x86
		{65E73ABF-344F-4428-A3DD-D888C6372F3A}.Release|x86.ActiveCfg = Release|x86
		{65E73ABF-344F-4428-A3DD-D888C6372F3A}.Release|x86.Build.0 = Release|x86
		{85AAFA5E-2FF4-4C13-9F8E-39E4CC85669E}.Debug|Any CPU.ActiveCfg = Debug|Any CPU
		{85AAFA5E-2FF4-4C13-9F8E-39E4CC85669E}.Debug|Any CPU.Build.0 = Debug|Any CPU
		{85AAFA5E-2FF4-4C13-9F8E-39E4CC85669E}.Debug|Mixed Platforms.ActiveCfg = Debug|Any CPU
		{85AAFA5E-2FF4-4C13-9F8E-39E4CC85669E}.Debug|Mixed Platforms.Build.0 = Debug|Any CPU
		{85AAFA5E-2FF4-4C13-9F8E-39E4CC85669E}.Debug|x86.ActiveCfg = Debug|Any CPU
		{85AAFA5E-2FF4-4C13-9F8E-39E4CC85669E}.Debug|x86.Build.0 = Debug|Any CPU
		{85AAFA5E-2FF4-4C13-9F8E-39E4CC85669E}.Release|Any CPU.ActiveCfg = Release|Any CPU
		{85AAFA5E-2FF4-4C13-9F8E-39E4CC85669E}.Release|Any CPU.Build.0 = Release|Any CPU
		{85AAFA5E-2FF4-4C13-9F8E-39E4CC85669E}.Release|Mixed Platforms.ActiveCfg = Release|Any CPU
		{85AAFA5E-2FF4-4C13-9F8E-39E4CC85669E}.Release|Mixed Platforms.Build.0 = Release|Any CPU
		{85AAFA5E-2FF4-4C13-9F8E-39E4CC85669E}.Release|x86.ActiveCfg = Release|Any CPU
		{A1B5DC8B-90C4-42E9-A6D5-987ED752DAE9}.Debug|Any CPU.ActiveCfg = Debug|Any CPU
		{A1B5DC8B-90C4-42E9-A6D5-987ED752DAE9}.Debug|Any CPU.Build.0 = Debug|Any CPU
		{A1B5DC8B-90C4-42E9-A6D5-987ED752DAE9}.Debug|Mixed Platforms.ActiveCfg = Debug|Any CPU
		{A1B5DC8B-90C4-42E9-A6D5-987ED752DAE9}.Debug|Mixed Platforms.Build.0 = Debug|Any CPU
		{A1B5DC8B-90C4-42E9-A6D5-987ED752DAE9}.Debug|x86.ActiveCfg = Debug|Any CPU
		{A1B5DC8B-90C4-42E9-A6D5-987ED752DAE9}.Release|Any CPU.ActiveCfg = Release|Any CPU
		{A1B5DC8B-90C4-42E9-A6D5-987ED752DAE9}.Release|Any CPU.Build.0 = Release|Any CPU
		{A1B5DC8B-90C4-42E9-A6D5-987ED752DAE9}.Release|Mixed Platforms.ActiveCfg = Release|Any CPU
		{A1B5DC8B-90C4-42E9-A6D5-987ED752DAE9}.Release|Mixed Platforms.Build.0 = Release|Any CPU
		{A1B5DC8B-90C4-42E9-A6D5-987ED752DAE9}.Release|x86.ActiveCfg = Release|Any CPU
		{AFF95C3B-CDCB-48CF-A55A-CAE112F16D44}.Debug|Any CPU.ActiveCfg = Debug|Any CPU
		{AFF95C3B-CDCB-48CF-A55A-CAE112F16D44}.Debug|Any CPU.Build.0 = Debug|Any CPU
		{AFF95C3B-CDCB-48CF-A55A-CAE112F16D44}.Debug|Mixed Platforms.ActiveCfg = Debug|Any CPU
		{AFF95C3B-CDCB-48CF-A55A-CAE112F16D44}.Debug|Mixed Platforms.Build.0 = Debug|Any CPU
		{AFF95C3B-CDCB-48CF-A55A-CAE112F16D44}.Debug|x86.ActiveCfg = Debug|Any CPU
		{AFF95C3B-CDCB-48CF-A55A-CAE112F16D44}.Debug|x86.Build.0 = Debug|Any CPU
		{AFF95C3B-CDCB-48CF-A55A-CAE112F16D44}.Release|Any CPU.ActiveCfg = Release|Any CPU
		{AFF95C3B-CDCB-48CF-A55A-CAE112F16D44}.Release|Any CPU.Build.0 = Release|Any CPU
		{AFF95C3B-CDCB-48CF-A55A-CAE112F16D44}.Release|Mixed Platforms.ActiveCfg = Release|Any CPU
		{AFF95C3B-CDCB-48CF-A55A-CAE112F16D44}.Release|Mixed Platforms.Build.0 = Release|Any CPU
		{AFF95C3B-CDCB-48CF-A55A-CAE112F16D44}.Release|x86.ActiveCfg = Release|Any CPU
		{BCD8D65D-689C-48CB-80FF-87167A8072DA}.Debug|Any CPU.ActiveCfg = Debug|Any CPU
		{BCD8D65D-689C-48CB-80FF-87167A8072DA}.Debug|Any CPU.Build.0 = Debug|Any CPU
		{BCD8D65D-689C-48CB-80FF-87167A8072DA}.Debug|Mixed Platforms.ActiveCfg = Debug|Any CPU
		{BCD8D65D-689C-48CB-80FF-87167A8072DA}.Debug|Mixed Platforms.Build.0 = Debug|Any CPU
		{BCD8D65D-689C-48CB-80FF-87167A8072DA}.Debug|x86.ActiveCfg = Debug|Any CPU
		{BCD8D65D-689C-48CB-80FF-87167A8072DA}.Debug|x86.Build.0 = Debug|Any CPU
		{BCD8D65D-689C-48CB-80FF-87167A8072DA}.Release|Any CPU.ActiveCfg = Release|Any CPU
		{BCD8D65D-689C-48CB-80FF-87167A8072DA}.Release|Any CPU.Build.0 = Release|Any CPU
		{BCD8D65D-689C-48CB-80FF-87167A8072DA}.Release|Mixed Platforms.ActiveCfg = Release|Any CPU
		{BCD8D65D-689C-48CB-80FF-87167A8072DA}.Release|Mixed Platforms.Build.0 = Release|Any CPU
		{BCD8D65D-689C-48CB-80FF-87167A8072DA}.Release|x86.ActiveCfg = Release|Any CPU
		{E765AC1E-3417-4B4C-AD78-752414B61EEC}.Debug|Any CPU.ActiveCfg = Debug|x86
		{E765AC1E-3417-4B4C-AD78-752414B61EEC}.Debug|Mixed Platforms.ActiveCfg = Debug|x86
		{E765AC1E-3417-4B4C-AD78-752414B61EEC}.Debug|Mixed Platforms.Build.0 = Debug|x86
		{E765AC1E-3417-4B4C-AD78-752414B61EEC}.Debug|x86.ActiveCfg = Debug|x86
		{E765AC1E-3417-4B4C-AD78-752414B61EEC}.Debug|x86.Build.0 = Debug|x86
		{E765AC1E-3417-4B4C-AD78-752414B61EEC}.Release|Any CPU.ActiveCfg = Release|x86
		{E765AC1E-3417-4B4C-AD78-752414B61EEC}.Release|Mixed Platforms.ActiveCfg = Release|x86
		{E765AC1E-3417-4B4C-AD78-752414B61EEC}.Release|Mixed Platforms.Build.0 = Release|x86
		{E765AC1E-3417-4B4C-AD78-752414B61EEC}.Release|x86.ActiveCfg = Release|x86
		{E765AC1E-3417-4B4C-AD78-752414B61EEC}.Release|x86.Build.0 = Release|x86
	EndGlobalSection
	GlobalSection(SolutionProperties) = preSolution
		HideSolutionNode = FALSE
	EndGlobalSection
	GlobalSection(Performance) = preSolution
		HasPerformanceSessions = true
	EndGlobalSection
EndGlobal
