
Microsoft Visual Studio Solution File, Format Version 12.00
# Visual Studio 2013
VisualStudioVersion = 12.0.30501.0
MinimumVisualStudioVersion = 10.0.40219.1
Project("{FAE04EC0-301F-11D3-BF4B-00C04F79EFBC}") = "Dynamics", "Dynamics\Dynamics.csproj", "{E765AC1E-3417-4B4C-AD78-752414B61EEC}"
EndProject
Project("{FAE04EC0-301F-11D3-BF4B-00C04F79EFBC}") = "Twitter", "Twitter\Twitter.csproj", "{85AAFA5E-2FF4-4C13-9F8E-39E4CC85669E}"
EndProject
Project("{FAE04EC0-301F-11D3-BF4B-00C04F79EFBC}") = "Console", "Console\Console.csproj", "{65E73ABF-344F-4428-A3DD-D888C6372F3A}"
EndProject
Project("{FAE04EC0-301F-11D3-BF4B-00C04F79EFBC}") = "TwitterListManager", "TwitterListManager\TwitterListManager.csproj", "{BCD8D65D-689C-48CB-80FF-87167A8072DA}"
EndProject
Project("{FAE04EC0-301F-11D3-BF4B-00C04F79EFBC}") = "Compression", "Compression\Compression.csproj", "{AFF95C3B-CDCB-48CF-A55A-CAE112F16D44}"
EndProject
Project("{FAE04EC0-301F-11D3-BF4B-00C04F79EFBC}") = "DNTTrack", "DNTTrack\DNTTrack.csproj", "{21F0F767-BE6D-4166-A420-3F02678E57D8}"
EndProject
Project("{FAE04EC0-301F-11D3-BF4B-00C04F79EFBC}") = "BitVectorExperiments", "BitVectorExperiments\BitVectorExperiments.csproj", "{A1B5DC8B-90C4-42E9-A6D5-987ED752DAE9}"
EndProject
Project("{FAE04EC0-301F-11D3-BF4B-00C04F79EFBC}") = "CollectionTests", "CollectionTests\CollectionTests.csproj", "{609DF160-69F5-4185-AA40-4E6B788A63B4}"
EndProject
Project("{FAE04EC0-301F-11D3-BF4B-00C04F79EFBC}") = "FrenchCoding.RedirectExperiments", "FrenchCoding.RedirectExperiments\FrenchCoding.RedirectExperiments.csproj", "{43538C6C-68B1-440C-A9E6-E907A78DA5AC}"
EndProject
Project("{FAE04EC0-301F-11D3-BF4B-00C04F79EFBC}") = "AutoMapperExperiments", "AutoMapperExperiments\AutoMapperExperiments.csproj", "{0BED4938-1704-4969-BA74-3995153EF934}"
EndProject
Project("{262852C6-CD72-467D-83FE-5EEB1973A190}") = "Notes", "Notes\Notes.jsproj", "{DB083E16-14E2-4E23-8B6A-432A2C9B7EB1}"
EndProject
Project("{FAE04EC0-301F-11D3-BF4B-00C04F79EFBC}") = "Utilities", "Utilities\Utilities.csproj", "{A55CDEA9-7E56-4CA7-B81F-3622620E3DDC}"
EndProject
Project("{2150E333-8FDC-42A3-9474-1A3956D46DE8}") = ".nuget", ".nuget", "{7F156FC8-1967-437F-87F2-FDEF947B3081}"
	ProjectSection(SolutionItems) = preProject
		.nuget\NuGet.Config = .nuget\NuGet.Config
		.nuget\NuGet.exe = .nuget\NuGet.exe
		.nuget\NuGet.targets = .nuget\NuGet.targets
	EndProjectSection
EndProject
Project("{FAE04EC0-301F-11D3-BF4B-00C04F79EFBC}") = "FrenchCoding.Nancy", "Nancy\FrenchCoding.Nancy.csproj", "{B4F9C525-5C56-440E-B4C2-972A33D7C8CD}"
EndProject
Project("{FAE04EC0-301F-11D3-BF4B-00C04F79EFBC}") = "Test.Host.Web", "Test.Host.Web\Test.Host.Web.csproj", "{68F5F5F3-B8BB-4911-875F-6F00AAE04EA6}"
EndProject
Project("{FAE04EC0-301F-11D3-BF4B-00C04F79EFBC}") = "MongoDb", "MongoDb\MongoDb.csproj", "{40B33131-B706-4AFA-A042-11C056439C92}"
EndProject
Project("{FAE04EC0-301F-11D3-BF4B-00C04F79EFBC}") = "TestRedirects", "TestRedirects\TestRedirects.csproj", "{2E7D880E-FADF-4B1E-B2A9-68355A832ECD}"
EndProject
Project("{2150E333-8FDC-42A3-9474-1A3956D46DE8}") = "PublishScripts", "PublishScripts", "{839F7506-C4BB-4E19-9A5C-302EFD4338D4}"
	ProjectSection(SolutionItems) = preProject
		PublishScripts\AzureWebsitePublishModule.psm1 = PublishScripts\AzureWebsitePublishModule.psm1
		PublishScripts\Publish-WebApplicationWebsite.ps1 = PublishScripts\Publish-WebApplicationWebsite.ps1
	EndProjectSection
EndProject
Project("{2150E333-8FDC-42A3-9474-1A3956D46DE8}") = "Configurations", "Configurations", "{B4EDE7D2-82EB-4210-AF5F-DB730C401FC9}"
	ProjectSection(SolutionItems) = preProject
		PublishScripts\Configurations\TestRedirects-WAWS-dev.json = PublishScripts\Configurations\TestRedirects-WAWS-dev.json
	EndProjectSection
EndProject
Project("{FAE04EC0-301F-11D3-BF4B-00C04F79EFBC}") = "Frenchcoding.Web.Recaptcha", "Frenchcoding.Web.Recaptcha\Frenchcoding.Web.Recaptcha.csproj", "{8DAC910B-CE32-49B9-88D0-46F55FC9A77A}"
EndProject
Global
	GlobalSection(SolutionConfigurationPlatforms) = preSolution
		Debug_All|Any CPU = Debug_All|Any CPU
		Debug_All|ARM = Debug_All|ARM
		Debug_All|Mixed Platforms = Debug_All|Mixed Platforms
		Debug_All|x64 = Debug_All|x64
		Debug_All|x86 = Debug_All|x86
		Debug|Any CPU = Debug|Any CPU
		Debug|ARM = Debug|ARM
		Debug|Mixed Platforms = Debug|Mixed Platforms
		Debug|x64 = Debug|x64
		Debug|x86 = Debug|x86
		Recaptcha|Any CPU = Recaptcha|Any CPU
		Recaptcha|ARM = Recaptcha|ARM
		Recaptcha|Mixed Platforms = Recaptcha|Mixed Platforms
		Recaptcha|x64 = Recaptcha|x64
		Recaptcha|x86 = Recaptcha|x86
		RedirectExperiments|Any CPU = RedirectExperiments|Any CPU
		RedirectExperiments|ARM = RedirectExperiments|ARM
		RedirectExperiments|Mixed Platforms = RedirectExperiments|Mixed Platforms
		RedirectExperiments|x64 = RedirectExperiments|x64
		RedirectExperiments|x86 = RedirectExperiments|x86
		Release|Any CPU = Release|Any CPU
		Release|ARM = Release|ARM
		Release|Mixed Platforms = Release|Mixed Platforms
		Release|x64 = Release|x64
		Release|x86 = Release|x86
		Win8|Any CPU = Win8|Any CPU
		Win8|ARM = Win8|ARM
		Win8|Mixed Platforms = Win8|Mixed Platforms
		Win8|x64 = Win8|x64
		Win8|x86 = Win8|x86
	EndGlobalSection
	GlobalSection(ProjectConfigurationPlatforms) = postSolution
		{E765AC1E-3417-4B4C-AD78-752414B61EEC}.Debug_All|Any CPU.ActiveCfg = Debug|x86
		{E765AC1E-3417-4B4C-AD78-752414B61EEC}.Debug_All|Any CPU.Build.0 = Debug|x86
		{E765AC1E-3417-4B4C-AD78-752414B61EEC}.Debug_All|ARM.ActiveCfg = Debug|x86
		{E765AC1E-3417-4B4C-AD78-752414B61EEC}.Debug_All|Mixed Platforms.ActiveCfg = Debug|x86
		{E765AC1E-3417-4B4C-AD78-752414B61EEC}.Debug_All|Mixed Platforms.Build.0 = Debug|x86
		{E765AC1E-3417-4B4C-AD78-752414B61EEC}.Debug_All|x64.ActiveCfg = Debug|x86
		{E765AC1E-3417-4B4C-AD78-752414B61EEC}.Debug_All|x86.ActiveCfg = Debug|x86
		{E765AC1E-3417-4B4C-AD78-752414B61EEC}.Debug_All|x86.Build.0 = Debug|x86
		{E765AC1E-3417-4B4C-AD78-752414B61EEC}.Debug|Any CPU.ActiveCfg = Debug|x86
		{E765AC1E-3417-4B4C-AD78-752414B61EEC}.Debug|ARM.ActiveCfg = Debug|x86
		{E765AC1E-3417-4B4C-AD78-752414B61EEC}.Debug|Mixed Platforms.ActiveCfg = Debug|x86
		{E765AC1E-3417-4B4C-AD78-752414B61EEC}.Debug|Mixed Platforms.Build.0 = Debug|x86
		{E765AC1E-3417-4B4C-AD78-752414B61EEC}.Debug|x64.ActiveCfg = Debug|x86
		{E765AC1E-3417-4B4C-AD78-752414B61EEC}.Debug|x86.ActiveCfg = Debug|x86
		{E765AC1E-3417-4B4C-AD78-752414B61EEC}.Debug|x86.Build.0 = Debug|x86
		{E765AC1E-3417-4B4C-AD78-752414B61EEC}.Recaptcha|Any CPU.ActiveCfg = Recaptcha|x86
		{E765AC1E-3417-4B4C-AD78-752414B61EEC}.Recaptcha|ARM.ActiveCfg = Recaptcha|x86
		{E765AC1E-3417-4B4C-AD78-752414B61EEC}.Recaptcha|Mixed Platforms.ActiveCfg = Recaptcha|x86
		{E765AC1E-3417-4B4C-AD78-752414B61EEC}.Recaptcha|Mixed Platforms.Build.0 = Recaptcha|x86
		{E765AC1E-3417-4B4C-AD78-752414B61EEC}.Recaptcha|x64.ActiveCfg = Recaptcha|x86
		{E765AC1E-3417-4B4C-AD78-752414B61EEC}.Recaptcha|x86.ActiveCfg = Recaptcha|x86
		{E765AC1E-3417-4B4C-AD78-752414B61EEC}.Recaptcha|x86.Build.0 = Recaptcha|x86
		{E765AC1E-3417-4B4C-AD78-752414B61EEC}.RedirectExperiments|Any CPU.ActiveCfg = RedirectExperiments|x86
		{E765AC1E-3417-4B4C-AD78-752414B61EEC}.RedirectExperiments|ARM.ActiveCfg = RedirectExperiments|x86
		{E765AC1E-3417-4B4C-AD78-752414B61EEC}.RedirectExperiments|Mixed Platforms.ActiveCfg = RedirectExperiments|x86
		{E765AC1E-3417-4B4C-AD78-752414B61EEC}.RedirectExperiments|Mixed Platforms.Build.0 = RedirectExperiments|x86
		{E765AC1E-3417-4B4C-AD78-752414B61EEC}.RedirectExperiments|x64.ActiveCfg = RedirectExperiments|x86
		{E765AC1E-3417-4B4C-AD78-752414B61EEC}.RedirectExperiments|x86.ActiveCfg = RedirectExperiments|x86
		{E765AC1E-3417-4B4C-AD78-752414B61EEC}.Release|Any CPU.ActiveCfg = Release|x86
		{E765AC1E-3417-4B4C-AD78-752414B61EEC}.Release|ARM.ActiveCfg = Release|x86
		{E765AC1E-3417-4B4C-AD78-752414B61EEC}.Release|Mixed Platforms.ActiveCfg = Release|x86
		{E765AC1E-3417-4B4C-AD78-752414B61EEC}.Release|Mixed Platforms.Build.0 = Release|x86
		{E765AC1E-3417-4B4C-AD78-752414B61EEC}.Release|x64.ActiveCfg = Release|x86
		{E765AC1E-3417-4B4C-AD78-752414B61EEC}.Release|x86.ActiveCfg = Release|x86
		{E765AC1E-3417-4B4C-AD78-752414B61EEC}.Release|x86.Build.0 = Release|x86
		{E765AC1E-3417-4B4C-AD78-752414B61EEC}.Win8|Any CPU.ActiveCfg = Win8|x86
		{E765AC1E-3417-4B4C-AD78-752414B61EEC}.Win8|ARM.ActiveCfg = Win8|x86
		{E765AC1E-3417-4B4C-AD78-752414B61EEC}.Win8|Mixed Platforms.ActiveCfg = Win8|x86
		{E765AC1E-3417-4B4C-AD78-752414B61EEC}.Win8|Mixed Platforms.Build.0 = Win8|x86
		{E765AC1E-3417-4B4C-AD78-752414B61EEC}.Win8|x64.ActiveCfg = Win8|x86
		{E765AC1E-3417-4B4C-AD78-752414B61EEC}.Win8|x86.ActiveCfg = Win8|x86
		{85AAFA5E-2FF4-4C13-9F8E-39E4CC85669E}.Debug_All|Any CPU.ActiveCfg = Debug|Any CPU
		{85AAFA5E-2FF4-4C13-9F8E-39E4CC85669E}.Debug_All|Any CPU.Build.0 = Debug|Any CPU
		{85AAFA5E-2FF4-4C13-9F8E-39E4CC85669E}.Debug_All|ARM.ActiveCfg = Debug|Any CPU
		{85AAFA5E-2FF4-4C13-9F8E-39E4CC85669E}.Debug_All|Mixed Platforms.ActiveCfg = Debug|Any CPU
		{85AAFA5E-2FF4-4C13-9F8E-39E4CC85669E}.Debug_All|Mixed Platforms.Build.0 = Debug|Any CPU
		{85AAFA5E-2FF4-4C13-9F8E-39E4CC85669E}.Debug_All|x64.ActiveCfg = Debug|Any CPU
		{85AAFA5E-2FF4-4C13-9F8E-39E4CC85669E}.Debug_All|x86.ActiveCfg = Debug|Any CPU
		{85AAFA5E-2FF4-4C13-9F8E-39E4CC85669E}.Debug_All|x86.Build.0 = Debug|Any CPU
		{85AAFA5E-2FF4-4C13-9F8E-39E4CC85669E}.Debug|Any CPU.ActiveCfg = Debug|Any CPU
		{85AAFA5E-2FF4-4C13-9F8E-39E4CC85669E}.Debug|Any CPU.Build.0 = Debug|Any CPU
		{85AAFA5E-2FF4-4C13-9F8E-39E4CC85669E}.Debug|ARM.ActiveCfg = Debug|Any CPU
		{85AAFA5E-2FF4-4C13-9F8E-39E4CC85669E}.Debug|Mixed Platforms.ActiveCfg = Debug|Any CPU
		{85AAFA5E-2FF4-4C13-9F8E-39E4CC85669E}.Debug|Mixed Platforms.Build.0 = Debug|Any CPU
		{85AAFA5E-2FF4-4C13-9F8E-39E4CC85669E}.Debug|x64.ActiveCfg = Debug|Any CPU
		{85AAFA5E-2FF4-4C13-9F8E-39E4CC85669E}.Debug|x86.ActiveCfg = Debug|Any CPU
		{85AAFA5E-2FF4-4C13-9F8E-39E4CC85669E}.Recaptcha|Any CPU.ActiveCfg = Release|Any CPU
		{85AAFA5E-2FF4-4C13-9F8E-39E4CC85669E}.Recaptcha|ARM.ActiveCfg = Release|Any CPU
		{85AAFA5E-2FF4-4C13-9F8E-39E4CC85669E}.Recaptcha|Mixed Platforms.ActiveCfg = Release|Any CPU
		{85AAFA5E-2FF4-4C13-9F8E-39E4CC85669E}.Recaptcha|x64.ActiveCfg = Release|Any CPU
		{85AAFA5E-2FF4-4C13-9F8E-39E4CC85669E}.Recaptcha|x86.ActiveCfg = Release|Any CPU
		{85AAFA5E-2FF4-4C13-9F8E-39E4CC85669E}.RedirectExperiments|Any CPU.ActiveCfg = RedirectExperiments|Any CPU
		{85AAFA5E-2FF4-4C13-9F8E-39E4CC85669E}.RedirectExperiments|ARM.ActiveCfg = RedirectExperiments|Any CPU
		{85AAFA5E-2FF4-4C13-9F8E-39E4CC85669E}.RedirectExperiments|Mixed Platforms.ActiveCfg = RedirectExperiments|Any CPU
		{85AAFA5E-2FF4-4C13-9F8E-39E4CC85669E}.RedirectExperiments|Mixed Platforms.Build.0 = RedirectExperiments|Any CPU
		{85AAFA5E-2FF4-4C13-9F8E-39E4CC85669E}.RedirectExperiments|x64.ActiveCfg = RedirectExperiments|Any CPU
		{85AAFA5E-2FF4-4C13-9F8E-39E4CC85669E}.RedirectExperiments|x86.ActiveCfg = RedirectExperiments|Any CPU
		{85AAFA5E-2FF4-4C13-9F8E-39E4CC85669E}.Release|Any CPU.ActiveCfg = Release|Any CPU
		{85AAFA5E-2FF4-4C13-9F8E-39E4CC85669E}.Release|Any CPU.Build.0 = Release|Any CPU
		{85AAFA5E-2FF4-4C13-9F8E-39E4CC85669E}.Release|ARM.ActiveCfg = Release|Any CPU
		{85AAFA5E-2FF4-4C13-9F8E-39E4CC85669E}.Release|Mixed Platforms.ActiveCfg = Release|Any CPU
		{85AAFA5E-2FF4-4C13-9F8E-39E4CC85669E}.Release|Mixed Platforms.Build.0 = Release|Any CPU
		{85AAFA5E-2FF4-4C13-9F8E-39E4CC85669E}.Release|x64.ActiveCfg = Release|Any CPU
		{85AAFA5E-2FF4-4C13-9F8E-39E4CC85669E}.Release|x86.ActiveCfg = Release|Any CPU
		{85AAFA5E-2FF4-4C13-9F8E-39E4CC85669E}.Win8|Any CPU.ActiveCfg = Win8|Any CPU
		{85AAFA5E-2FF4-4C13-9F8E-39E4CC85669E}.Win8|Any CPU.Build.0 = Win8|Any CPU
		{85AAFA5E-2FF4-4C13-9F8E-39E4CC85669E}.Win8|ARM.ActiveCfg = Win8|Any CPU
		{85AAFA5E-2FF4-4C13-9F8E-39E4CC85669E}.Win8|Mixed Platforms.ActiveCfg = Win8|Any CPU
		{85AAFA5E-2FF4-4C13-9F8E-39E4CC85669E}.Win8|Mixed Platforms.Build.0 = Win8|Any CPU
		{85AAFA5E-2FF4-4C13-9F8E-39E4CC85669E}.Win8|x64.ActiveCfg = Win8|Any CPU
		{85AAFA5E-2FF4-4C13-9F8E-39E4CC85669E}.Win8|x86.ActiveCfg = Win8|Any CPU
		{65E73ABF-344F-4428-A3DD-D888C6372F3A}.Debug_All|Any CPU.ActiveCfg = Debug|x86
		{65E73ABF-344F-4428-A3DD-D888C6372F3A}.Debug_All|Any CPU.Build.0 = Debug|x86
		{65E73ABF-344F-4428-A3DD-D888C6372F3A}.Debug_All|ARM.ActiveCfg = Debug|x86
		{65E73ABF-344F-4428-A3DD-D888C6372F3A}.Debug_All|Mixed Platforms.ActiveCfg = Debug|x86
		{65E73ABF-344F-4428-A3DD-D888C6372F3A}.Debug_All|Mixed Platforms.Build.0 = Debug|x86
		{65E73ABF-344F-4428-A3DD-D888C6372F3A}.Debug_All|x64.ActiveCfg = Debug|x86
		{65E73ABF-344F-4428-A3DD-D888C6372F3A}.Debug_All|x86.ActiveCfg = Debug|x86
		{65E73ABF-344F-4428-A3DD-D888C6372F3A}.Debug_All|x86.Build.0 = Debug|x86
		{65E73ABF-344F-4428-A3DD-D888C6372F3A}.Debug|Any CPU.ActiveCfg = Debug|x86
		{65E73ABF-344F-4428-A3DD-D888C6372F3A}.Debug|ARM.ActiveCfg = Debug|x86
		{65E73ABF-344F-4428-A3DD-D888C6372F3A}.Debug|Mixed Platforms.ActiveCfg = Debug|x86
		{65E73ABF-344F-4428-A3DD-D888C6372F3A}.Debug|Mixed Platforms.Build.0 = Debug|x86
		{65E73ABF-344F-4428-A3DD-D888C6372F3A}.Debug|x64.ActiveCfg = Debug|x86
		{65E73ABF-344F-4428-A3DD-D888C6372F3A}.Debug|x86.ActiveCfg = Debug|x86
		{65E73ABF-344F-4428-A3DD-D888C6372F3A}.Debug|x86.Build.0 = Debug|x86
		{65E73ABF-344F-4428-A3DD-D888C6372F3A}.Recaptcha|Any CPU.ActiveCfg = Recaptcha|x86
		{65E73ABF-344F-4428-A3DD-D888C6372F3A}.Recaptcha|ARM.ActiveCfg = Recaptcha|x86
		{65E73ABF-344F-4428-A3DD-D888C6372F3A}.Recaptcha|Mixed Platforms.ActiveCfg = Recaptcha|x86
		{65E73ABF-344F-4428-A3DD-D888C6372F3A}.Recaptcha|Mixed Platforms.Build.0 = Recaptcha|x86
		{65E73ABF-344F-4428-A3DD-D888C6372F3A}.Recaptcha|x64.ActiveCfg = Recaptcha|x86
		{65E73ABF-344F-4428-A3DD-D888C6372F3A}.Recaptcha|x86.ActiveCfg = Recaptcha|x86
		{65E73ABF-344F-4428-A3DD-D888C6372F3A}.Recaptcha|x86.Build.0 = Recaptcha|x86
		{65E73ABF-344F-4428-A3DD-D888C6372F3A}.RedirectExperiments|Any CPU.ActiveCfg = RedirectExperiments|x86
		{65E73ABF-344F-4428-A3DD-D888C6372F3A}.RedirectExperiments|ARM.ActiveCfg = RedirectExperiments|x86
		{65E73ABF-344F-4428-A3DD-D888C6372F3A}.RedirectExperiments|Mixed Platforms.ActiveCfg = RedirectExperiments|x86
		{65E73ABF-344F-4428-A3DD-D888C6372F3A}.RedirectExperiments|Mixed Platforms.Build.0 = RedirectExperiments|x86
		{65E73ABF-344F-4428-A3DD-D888C6372F3A}.RedirectExperiments|x64.ActiveCfg = RedirectExperiments|x86
		{65E73ABF-344F-4428-A3DD-D888C6372F3A}.RedirectExperiments|x86.ActiveCfg = RedirectExperiments|x86
		{65E73ABF-344F-4428-A3DD-D888C6372F3A}.Release|Any CPU.ActiveCfg = Release|x86
		{65E73ABF-344F-4428-A3DD-D888C6372F3A}.Release|ARM.ActiveCfg = Release|x86
		{65E73ABF-344F-4428-A3DD-D888C6372F3A}.Release|Mixed Platforms.ActiveCfg = Release|x86
		{65E73ABF-344F-4428-A3DD-D888C6372F3A}.Release|Mixed Platforms.Build.0 = Release|x86
		{65E73ABF-344F-4428-A3DD-D888C6372F3A}.Release|x64.ActiveCfg = Release|x86
		{65E73ABF-344F-4428-A3DD-D888C6372F3A}.Release|x86.ActiveCfg = Release|x86
		{65E73ABF-344F-4428-A3DD-D888C6372F3A}.Release|x86.Build.0 = Release|x86
		{65E73ABF-344F-4428-A3DD-D888C6372F3A}.Win8|Any CPU.ActiveCfg = Win8|x86
		{65E73ABF-344F-4428-A3DD-D888C6372F3A}.Win8|ARM.ActiveCfg = Win8|x86
		{65E73ABF-344F-4428-A3DD-D888C6372F3A}.Win8|Mixed Platforms.ActiveCfg = Win8|x86
		{65E73ABF-344F-4428-A3DD-D888C6372F3A}.Win8|Mixed Platforms.Build.0 = Win8|x86
		{65E73ABF-344F-4428-A3DD-D888C6372F3A}.Win8|x64.ActiveCfg = Win8|x86
		{65E73ABF-344F-4428-A3DD-D888C6372F3A}.Win8|x86.ActiveCfg = Win8|x86
		{BCD8D65D-689C-48CB-80FF-87167A8072DA}.Debug_All|Any CPU.ActiveCfg = Debug|Any CPU
		{BCD8D65D-689C-48CB-80FF-87167A8072DA}.Debug_All|Any CPU.Build.0 = Debug|Any CPU
		{BCD8D65D-689C-48CB-80FF-87167A8072DA}.Debug_All|ARM.ActiveCfg = Debug|Any CPU
		{BCD8D65D-689C-48CB-80FF-87167A8072DA}.Debug_All|Mixed Platforms.ActiveCfg = Debug|Any CPU
		{BCD8D65D-689C-48CB-80FF-87167A8072DA}.Debug_All|Mixed Platforms.Build.0 = Debug|Any CPU
		{BCD8D65D-689C-48CB-80FF-87167A8072DA}.Debug_All|x64.ActiveCfg = Debug|Any CPU
		{BCD8D65D-689C-48CB-80FF-87167A8072DA}.Debug_All|x86.ActiveCfg = Debug|Any CPU
		{BCD8D65D-689C-48CB-80FF-87167A8072DA}.Debug_All|x86.Build.0 = Debug|Any CPU
		{BCD8D65D-689C-48CB-80FF-87167A8072DA}.Debug|Any CPU.ActiveCfg = Debug|Any CPU
		{BCD8D65D-689C-48CB-80FF-87167A8072DA}.Debug|Any CPU.Build.0 = Debug|Any CPU
		{BCD8D65D-689C-48CB-80FF-87167A8072DA}.Debug|ARM.ActiveCfg = Debug|Any CPU
		{BCD8D65D-689C-48CB-80FF-87167A8072DA}.Debug|Mixed Platforms.ActiveCfg = Debug|Any CPU
		{BCD8D65D-689C-48CB-80FF-87167A8072DA}.Debug|Mixed Platforms.Build.0 = Debug|Any CPU
		{BCD8D65D-689C-48CB-80FF-87167A8072DA}.Debug|x64.ActiveCfg = Debug|Any CPU
		{BCD8D65D-689C-48CB-80FF-87167A8072DA}.Debug|x86.ActiveCfg = Debug|Any CPU
		{BCD8D65D-689C-48CB-80FF-87167A8072DA}.Recaptcha|Any CPU.ActiveCfg = Release|Any CPU
		{BCD8D65D-689C-48CB-80FF-87167A8072DA}.Recaptcha|ARM.ActiveCfg = Release|Any CPU
		{BCD8D65D-689C-48CB-80FF-87167A8072DA}.Recaptcha|Mixed Platforms.ActiveCfg = Release|Any CPU
		{BCD8D65D-689C-48CB-80FF-87167A8072DA}.Recaptcha|x64.ActiveCfg = Release|Any CPU
		{BCD8D65D-689C-48CB-80FF-87167A8072DA}.Recaptcha|x86.ActiveCfg = Release|Any CPU
		{BCD8D65D-689C-48CB-80FF-87167A8072DA}.RedirectExperiments|Any CPU.ActiveCfg = RedirectExperiments|Any CPU
		{BCD8D65D-689C-48CB-80FF-87167A8072DA}.RedirectExperiments|ARM.ActiveCfg = RedirectExperiments|Any CPU
		{BCD8D65D-689C-48CB-80FF-87167A8072DA}.RedirectExperiments|Mixed Platforms.ActiveCfg = RedirectExperiments|Any CPU
		{BCD8D65D-689C-48CB-80FF-87167A8072DA}.RedirectExperiments|Mixed Platforms.Build.0 = RedirectExperiments|Any CPU
		{BCD8D65D-689C-48CB-80FF-87167A8072DA}.RedirectExperiments|x64.ActiveCfg = RedirectExperiments|Any CPU
		{BCD8D65D-689C-48CB-80FF-87167A8072DA}.RedirectExperiments|x86.ActiveCfg = RedirectExperiments|Any CPU
		{BCD8D65D-689C-48CB-80FF-87167A8072DA}.Release|Any CPU.ActiveCfg = Release|Any CPU
		{BCD8D65D-689C-48CB-80FF-87167A8072DA}.Release|Any CPU.Build.0 = Release|Any CPU
		{BCD8D65D-689C-48CB-80FF-87167A8072DA}.Release|ARM.ActiveCfg = Release|Any CPU
		{BCD8D65D-689C-48CB-80FF-87167A8072DA}.Release|Mixed Platforms.ActiveCfg = Release|Any CPU
		{BCD8D65D-689C-48CB-80FF-87167A8072DA}.Release|Mixed Platforms.Build.0 = Release|Any CPU
		{BCD8D65D-689C-48CB-80FF-87167A8072DA}.Release|x64.ActiveCfg = Release|Any CPU
		{BCD8D65D-689C-48CB-80FF-87167A8072DA}.Release|x86.ActiveCfg = Release|Any CPU
		{BCD8D65D-689C-48CB-80FF-87167A8072DA}.Win8|Any CPU.ActiveCfg = Win8|Any CPU
		{BCD8D65D-689C-48CB-80FF-87167A8072DA}.Win8|Any CPU.Build.0 = Win8|Any CPU
		{BCD8D65D-689C-48CB-80FF-87167A8072DA}.Win8|ARM.ActiveCfg = Win8|Any CPU
		{BCD8D65D-689C-48CB-80FF-87167A8072DA}.Win8|Mixed Platforms.ActiveCfg = Win8|Any CPU
		{BCD8D65D-689C-48CB-80FF-87167A8072DA}.Win8|Mixed Platforms.Build.0 = Win8|Any CPU
		{BCD8D65D-689C-48CB-80FF-87167A8072DA}.Win8|x64.ActiveCfg = Win8|Any CPU
		{BCD8D65D-689C-48CB-80FF-87167A8072DA}.Win8|x86.ActiveCfg = Win8|Any CPU
		{AFF95C3B-CDCB-48CF-A55A-CAE112F16D44}.Debug_All|Any CPU.ActiveCfg = Debug|Any CPU
		{AFF95C3B-CDCB-48CF-A55A-CAE112F16D44}.Debug_All|Any CPU.Build.0 = Debug|Any CPU
		{AFF95C3B-CDCB-48CF-A55A-CAE112F16D44}.Debug_All|ARM.ActiveCfg = Debug|Any CPU
		{AFF95C3B-CDCB-48CF-A55A-CAE112F16D44}.Debug_All|Mixed Platforms.ActiveCfg = Debug|Any CPU
		{AFF95C3B-CDCB-48CF-A55A-CAE112F16D44}.Debug_All|Mixed Platforms.Build.0 = Debug|Any CPU
		{AFF95C3B-CDCB-48CF-A55A-CAE112F16D44}.Debug_All|x64.ActiveCfg = Debug|Any CPU
		{AFF95C3B-CDCB-48CF-A55A-CAE112F16D44}.Debug_All|x86.ActiveCfg = Debug|Any CPU
		{AFF95C3B-CDCB-48CF-A55A-CAE112F16D44}.Debug_All|x86.Build.0 = Debug|Any CPU
		{AFF95C3B-CDCB-48CF-A55A-CAE112F16D44}.Debug|Any CPU.ActiveCfg = Debug|Any CPU
		{AFF95C3B-CDCB-48CF-A55A-CAE112F16D44}.Debug|ARM.ActiveCfg = Debug|Any CPU
		{AFF95C3B-CDCB-48CF-A55A-CAE112F16D44}.Debug|Mixed Platforms.ActiveCfg = Debug|Any CPU
		{AFF95C3B-CDCB-48CF-A55A-CAE112F16D44}.Debug|Mixed Platforms.Build.0 = Debug|Any CPU
		{AFF95C3B-CDCB-48CF-A55A-CAE112F16D44}.Debug|x64.ActiveCfg = Debug|Any CPU
		{AFF95C3B-CDCB-48CF-A55A-CAE112F16D44}.Debug|x86.ActiveCfg = Debug|Any CPU
		{AFF95C3B-CDCB-48CF-A55A-CAE112F16D44}.Recaptcha|Any CPU.ActiveCfg = Recaptcha|Any CPU
		{AFF95C3B-CDCB-48CF-A55A-CAE112F16D44}.Recaptcha|Any CPU.Build.0 = Recaptcha|Any CPU
		{AFF95C3B-CDCB-48CF-A55A-CAE112F16D44}.Recaptcha|ARM.ActiveCfg = Recaptcha|Any CPU
		{AFF95C3B-CDCB-48CF-A55A-CAE112F16D44}.Recaptcha|Mixed Platforms.ActiveCfg = Recaptcha|Any CPU
		{AFF95C3B-CDCB-48CF-A55A-CAE112F16D44}.Recaptcha|Mixed Platforms.Build.0 = Recaptcha|Any CPU
		{AFF95C3B-CDCB-48CF-A55A-CAE112F16D44}.Recaptcha|x64.ActiveCfg = Recaptcha|Any CPU
		{AFF95C3B-CDCB-48CF-A55A-CAE112F16D44}.Recaptcha|x86.ActiveCfg = Recaptcha|Any CPU
		{AFF95C3B-CDCB-48CF-A55A-CAE112F16D44}.RedirectExperiments|Any CPU.ActiveCfg = RedirectExperiments|Any CPU
		{AFF95C3B-CDCB-48CF-A55A-CAE112F16D44}.RedirectExperiments|ARM.ActiveCfg = RedirectExperiments|Any CPU
		{AFF95C3B-CDCB-48CF-A55A-CAE112F16D44}.RedirectExperiments|Mixed Platforms.ActiveCfg = RedirectExperiments|Any CPU
		{AFF95C3B-CDCB-48CF-A55A-CAE112F16D44}.RedirectExperiments|Mixed Platforms.Build.0 = RedirectExperiments|Any CPU
		{AFF95C3B-CDCB-48CF-A55A-CAE112F16D44}.RedirectExperiments|x64.ActiveCfg = RedirectExperiments|Any CPU
		{AFF95C3B-CDCB-48CF-A55A-CAE112F16D44}.RedirectExperiments|x86.ActiveCfg = RedirectExperiments|Any CPU
		{AFF95C3B-CDCB-48CF-A55A-CAE112F16D44}.Release|Any CPU.ActiveCfg = Release|Any CPU
		{AFF95C3B-CDCB-48CF-A55A-CAE112F16D44}.Release|Any CPU.Build.0 = Release|Any CPU
		{AFF95C3B-CDCB-48CF-A55A-CAE112F16D44}.Release|ARM.ActiveCfg = Release|Any CPU
		{AFF95C3B-CDCB-48CF-A55A-CAE112F16D44}.Release|Mixed Platforms.ActiveCfg = Release|Any CPU
		{AFF95C3B-CDCB-48CF-A55A-CAE112F16D44}.Release|Mixed Platforms.Build.0 = Release|Any CPU
		{AFF95C3B-CDCB-48CF-A55A-CAE112F16D44}.Release|x64.ActiveCfg = Release|Any CPU
		{AFF95C3B-CDCB-48CF-A55A-CAE112F16D44}.Release|x86.ActiveCfg = Release|Any CPU
		{AFF95C3B-CDCB-48CF-A55A-CAE112F16D44}.Win8|Any CPU.ActiveCfg = Win8|Any CPU
		{AFF95C3B-CDCB-48CF-A55A-CAE112F16D44}.Win8|Any CPU.Build.0 = Win8|Any CPU
		{AFF95C3B-CDCB-48CF-A55A-CAE112F16D44}.Win8|ARM.ActiveCfg = Win8|Any CPU
		{AFF95C3B-CDCB-48CF-A55A-CAE112F16D44}.Win8|Mixed Platforms.ActiveCfg = Win8|Any CPU
		{AFF95C3B-CDCB-48CF-A55A-CAE112F16D44}.Win8|Mixed Platforms.Build.0 = Win8|Any CPU
		{AFF95C3B-CDCB-48CF-A55A-CAE112F16D44}.Win8|x64.ActiveCfg = Win8|Any CPU
		{AFF95C3B-CDCB-48CF-A55A-CAE112F16D44}.Win8|x86.ActiveCfg = Win8|Any CPU
		{21F0F767-BE6D-4166-A420-3F02678E57D8}.Debug_All|Any CPU.ActiveCfg = Debug|Any CPU
		{21F0F767-BE6D-4166-A420-3F02678E57D8}.Debug_All|Any CPU.Build.0 = Debug|Any CPU
		{21F0F767-BE6D-4166-A420-3F02678E57D8}.Debug_All|ARM.ActiveCfg = Debug|Any CPU
		{21F0F767-BE6D-4166-A420-3F02678E57D8}.Debug_All|Mixed Platforms.ActiveCfg = Debug|Any CPU
		{21F0F767-BE6D-4166-A420-3F02678E57D8}.Debug_All|Mixed Platforms.Build.0 = Debug|Any CPU
		{21F0F767-BE6D-4166-A420-3F02678E57D8}.Debug_All|x64.ActiveCfg = Debug|Any CPU
		{21F0F767-BE6D-4166-A420-3F02678E57D8}.Debug_All|x86.ActiveCfg = Debug|Any CPU
		{21F0F767-BE6D-4166-A420-3F02678E57D8}.Debug_All|x86.Build.0 = Debug|Any CPU
		{21F0F767-BE6D-4166-A420-3F02678E57D8}.Debug|Any CPU.ActiveCfg = Debug|Any CPU
		{21F0F767-BE6D-4166-A420-3F02678E57D8}.Debug|ARM.ActiveCfg = Debug|Any CPU
		{21F0F767-BE6D-4166-A420-3F02678E57D8}.Debug|Mixed Platforms.ActiveCfg = Debug|Any CPU
		{21F0F767-BE6D-4166-A420-3F02678E57D8}.Debug|Mixed Platforms.Build.0 = Debug|Any CPU
		{21F0F767-BE6D-4166-A420-3F02678E57D8}.Debug|x64.ActiveCfg = Debug|Any CPU
		{21F0F767-BE6D-4166-A420-3F02678E57D8}.Debug|x86.ActiveCfg = Debug|Any CPU
		{21F0F767-BE6D-4166-A420-3F02678E57D8}.Recaptcha|Any CPU.ActiveCfg = Release|Any CPU
		{21F0F767-BE6D-4166-A420-3F02678E57D8}.Recaptcha|Any CPU.Build.0 = Release|Any CPU
		{21F0F767-BE6D-4166-A420-3F02678E57D8}.Recaptcha|ARM.ActiveCfg = Release|Any CPU
		{21F0F767-BE6D-4166-A420-3F02678E57D8}.Recaptcha|Mixed Platforms.ActiveCfg = Release|Any CPU
		{21F0F767-BE6D-4166-A420-3F02678E57D8}.Recaptcha|Mixed Platforms.Build.0 = Release|Any CPU
		{21F0F767-BE6D-4166-A420-3F02678E57D8}.Recaptcha|x64.ActiveCfg = Release|Any CPU
		{21F0F767-BE6D-4166-A420-3F02678E57D8}.Recaptcha|x86.ActiveCfg = Release|Any CPU
		{21F0F767-BE6D-4166-A420-3F02678E57D8}.RedirectExperiments|Any CPU.ActiveCfg = RedirectExperiments|Any CPU
		{21F0F767-BE6D-4166-A420-3F02678E57D8}.RedirectExperiments|ARM.ActiveCfg = RedirectExperiments|Any CPU
		{21F0F767-BE6D-4166-A420-3F02678E57D8}.RedirectExperiments|Mixed Platforms.ActiveCfg = RedirectExperiments|Any CPU
		{21F0F767-BE6D-4166-A420-3F02678E57D8}.RedirectExperiments|Mixed Platforms.Build.0 = RedirectExperiments|Any CPU
		{21F0F767-BE6D-4166-A420-3F02678E57D8}.RedirectExperiments|x64.ActiveCfg = RedirectExperiments|Any CPU
		{21F0F767-BE6D-4166-A420-3F02678E57D8}.RedirectExperiments|x86.ActiveCfg = RedirectExperiments|Any CPU
		{21F0F767-BE6D-4166-A420-3F02678E57D8}.Release|Any CPU.ActiveCfg = Release|Any CPU
		{21F0F767-BE6D-4166-A420-3F02678E57D8}.Release|Any CPU.Build.0 = Release|Any CPU
		{21F0F767-BE6D-4166-A420-3F02678E57D8}.Release|ARM.ActiveCfg = Release|Any CPU
		{21F0F767-BE6D-4166-A420-3F02678E57D8}.Release|Mixed Platforms.ActiveCfg = Release|Any CPU
		{21F0F767-BE6D-4166-A420-3F02678E57D8}.Release|Mixed Platforms.Build.0 = Release|Any CPU
		{21F0F767-BE6D-4166-A420-3F02678E57D8}.Release|x64.ActiveCfg = Release|Any CPU
		{21F0F767-BE6D-4166-A420-3F02678E57D8}.Release|x86.ActiveCfg = Release|Any CPU
		{21F0F767-BE6D-4166-A420-3F02678E57D8}.Win8|Any CPU.ActiveCfg = Win8|Any CPU
		{21F0F767-BE6D-4166-A420-3F02678E57D8}.Win8|Any CPU.Build.0 = Win8|Any CPU
		{21F0F767-BE6D-4166-A420-3F02678E57D8}.Win8|ARM.ActiveCfg = Win8|Any CPU
		{21F0F767-BE6D-4166-A420-3F02678E57D8}.Win8|Mixed Platforms.ActiveCfg = Win8|Any CPU
		{21F0F767-BE6D-4166-A420-3F02678E57D8}.Win8|Mixed Platforms.Build.0 = Win8|Any CPU
		{21F0F767-BE6D-4166-A420-3F02678E57D8}.Win8|x64.ActiveCfg = Win8|Any CPU
		{21F0F767-BE6D-4166-A420-3F02678E57D8}.Win8|x86.ActiveCfg = Win8|Any CPU
		{A1B5DC8B-90C4-42E9-A6D5-987ED752DAE9}.Debug_All|Any CPU.ActiveCfg = Debug|Any CPU
		{A1B5DC8B-90C4-42E9-A6D5-987ED752DAE9}.Debug_All|Any CPU.Build.0 = Debug|Any CPU
		{A1B5DC8B-90C4-42E9-A6D5-987ED752DAE9}.Debug_All|ARM.ActiveCfg = Debug|Any CPU
		{A1B5DC8B-90C4-42E9-A6D5-987ED752DAE9}.Debug_All|Mixed Platforms.ActiveCfg = Debug|Any CPU
		{A1B5DC8B-90C4-42E9-A6D5-987ED752DAE9}.Debug_All|Mixed Platforms.Build.0 = Debug|Any CPU
		{A1B5DC8B-90C4-42E9-A6D5-987ED752DAE9}.Debug_All|x64.ActiveCfg = Debug|Any CPU
		{A1B5DC8B-90C4-42E9-A6D5-987ED752DAE9}.Debug_All|x86.ActiveCfg = Debug|Any CPU
		{A1B5DC8B-90C4-42E9-A6D5-987ED752DAE9}.Debug_All|x86.Build.0 = Debug|Any CPU
		{A1B5DC8B-90C4-42E9-A6D5-987ED752DAE9}.Debug|Any CPU.ActiveCfg = Debug|Any CPU
		{A1B5DC8B-90C4-42E9-A6D5-987ED752DAE9}.Debug|ARM.ActiveCfg = Debug|Any CPU
		{A1B5DC8B-90C4-42E9-A6D5-987ED752DAE9}.Debug|Mixed Platforms.ActiveCfg = Debug|Any CPU
		{A1B5DC8B-90C4-42E9-A6D5-987ED752DAE9}.Debug|Mixed Platforms.Build.0 = Debug|Any CPU
		{A1B5DC8B-90C4-42E9-A6D5-987ED752DAE9}.Debug|x64.ActiveCfg = Debug|Any CPU
		{A1B5DC8B-90C4-42E9-A6D5-987ED752DAE9}.Debug|x86.ActiveCfg = Debug|Any CPU
		{A1B5DC8B-90C4-42E9-A6D5-987ED752DAE9}.Recaptcha|Any CPU.ActiveCfg = Release|Any CPU
		{A1B5DC8B-90C4-42E9-A6D5-987ED752DAE9}.Recaptcha|Any CPU.Build.0 = Release|Any CPU
		{A1B5DC8B-90C4-42E9-A6D5-987ED752DAE9}.Recaptcha|ARM.ActiveCfg = Release|Any CPU
		{A1B5DC8B-90C4-42E9-A6D5-987ED752DAE9}.Recaptcha|Mixed Platforms.ActiveCfg = Release|Any CPU
		{A1B5DC8B-90C4-42E9-A6D5-987ED752DAE9}.Recaptcha|Mixed Platforms.Build.0 = Release|Any CPU
		{A1B5DC8B-90C4-42E9-A6D5-987ED752DAE9}.Recaptcha|x64.ActiveCfg = Release|Any CPU
		{A1B5DC8B-90C4-42E9-A6D5-987ED752DAE9}.Recaptcha|x86.ActiveCfg = Release|Any CPU
		{A1B5DC8B-90C4-42E9-A6D5-987ED752DAE9}.RedirectExperiments|Any CPU.ActiveCfg = RedirectExperiments|Any CPU
		{A1B5DC8B-90C4-42E9-A6D5-987ED752DAE9}.RedirectExperiments|ARM.ActiveCfg = RedirectExperiments|Any CPU
		{A1B5DC8B-90C4-42E9-A6D5-987ED752DAE9}.RedirectExperiments|Mixed Platforms.ActiveCfg = RedirectExperiments|Any CPU
		{A1B5DC8B-90C4-42E9-A6D5-987ED752DAE9}.RedirectExperiments|Mixed Platforms.Build.0 = RedirectExperiments|Any CPU
		{A1B5DC8B-90C4-42E9-A6D5-987ED752DAE9}.RedirectExperiments|x64.ActiveCfg = RedirectExperiments|Any CPU
		{A1B5DC8B-90C4-42E9-A6D5-987ED752DAE9}.RedirectExperiments|x86.ActiveCfg = RedirectExperiments|Any CPU
		{A1B5DC8B-90C4-42E9-A6D5-987ED752DAE9}.Release|Any CPU.ActiveCfg = Release|Any CPU
		{A1B5DC8B-90C4-42E9-A6D5-987ED752DAE9}.Release|Any CPU.Build.0 = Release|Any CPU
		{A1B5DC8B-90C4-42E9-A6D5-987ED752DAE9}.Release|ARM.ActiveCfg = Release|Any CPU
		{A1B5DC8B-90C4-42E9-A6D5-987ED752DAE9}.Release|Mixed Platforms.ActiveCfg = Release|Any CPU
		{A1B5DC8B-90C4-42E9-A6D5-987ED752DAE9}.Release|Mixed Platforms.Build.0 = Release|Any CPU
		{A1B5DC8B-90C4-42E9-A6D5-987ED752DAE9}.Release|x64.ActiveCfg = Release|Any CPU
		{A1B5DC8B-90C4-42E9-A6D5-987ED752DAE9}.Release|x86.ActiveCfg = Release|Any CPU
		{A1B5DC8B-90C4-42E9-A6D5-987ED752DAE9}.Win8|Any CPU.ActiveCfg = Win8|Any CPU
		{A1B5DC8B-90C4-42E9-A6D5-987ED752DAE9}.Win8|Any CPU.Build.0 = Win8|Any CPU
		{A1B5DC8B-90C4-42E9-A6D5-987ED752DAE9}.Win8|ARM.ActiveCfg = Win8|Any CPU
		{A1B5DC8B-90C4-42E9-A6D5-987ED752DAE9}.Win8|Mixed Platforms.ActiveCfg = Win8|Any CPU
		{A1B5DC8B-90C4-42E9-A6D5-987ED752DAE9}.Win8|Mixed Platforms.Build.0 = Win8|Any CPU
		{A1B5DC8B-90C4-42E9-A6D5-987ED752DAE9}.Win8|x64.ActiveCfg = Win8|Any CPU
		{A1B5DC8B-90C4-42E9-A6D5-987ED752DAE9}.Win8|x86.ActiveCfg = Win8|Any CPU
		{609DF160-69F5-4185-AA40-4E6B788A63B4}.Debug_All|Any CPU.ActiveCfg = Debug|Any CPU
		{609DF160-69F5-4185-AA40-4E6B788A63B4}.Debug_All|Any CPU.Build.0 = Debug|Any CPU
		{609DF160-69F5-4185-AA40-4E6B788A63B4}.Debug_All|ARM.ActiveCfg = Debug|Any CPU
		{609DF160-69F5-4185-AA40-4E6B788A63B4}.Debug_All|Mixed Platforms.ActiveCfg = Debug|Any CPU
		{609DF160-69F5-4185-AA40-4E6B788A63B4}.Debug_All|Mixed Platforms.Build.0 = Debug|Any CPU
		{609DF160-69F5-4185-AA40-4E6B788A63B4}.Debug_All|x64.ActiveCfg = Debug|Any CPU
		{609DF160-69F5-4185-AA40-4E6B788A63B4}.Debug_All|x86.ActiveCfg = Debug|Any CPU
		{609DF160-69F5-4185-AA40-4E6B788A63B4}.Debug_All|x86.Build.0 = Debug|Any CPU
		{609DF160-69F5-4185-AA40-4E6B788A63B4}.Debug|Any CPU.ActiveCfg = Debug|Any CPU
		{609DF160-69F5-4185-AA40-4E6B788A63B4}.Debug|ARM.ActiveCfg = Debug|Any CPU
		{609DF160-69F5-4185-AA40-4E6B788A63B4}.Debug|Mixed Platforms.ActiveCfg = Debug|Any CPU
		{609DF160-69F5-4185-AA40-4E6B788A63B4}.Debug|Mixed Platforms.Build.0 = Debug|Any CPU
		{609DF160-69F5-4185-AA40-4E6B788A63B4}.Debug|x64.ActiveCfg = Debug|Any CPU
		{609DF160-69F5-4185-AA40-4E6B788A63B4}.Debug|x86.ActiveCfg = Debug|Any CPU
		{609DF160-69F5-4185-AA40-4E6B788A63B4}.Recaptcha|Any CPU.ActiveCfg = Release|Any CPU
		{609DF160-69F5-4185-AA40-4E6B788A63B4}.Recaptcha|Any CPU.Build.0 = Release|Any CPU
		{609DF160-69F5-4185-AA40-4E6B788A63B4}.Recaptcha|ARM.ActiveCfg = Release|Any CPU
		{609DF160-69F5-4185-AA40-4E6B788A63B4}.Recaptcha|Mixed Platforms.ActiveCfg = Release|Any CPU
		{609DF160-69F5-4185-AA40-4E6B788A63B4}.Recaptcha|Mixed Platforms.Build.0 = Release|Any CPU
		{609DF160-69F5-4185-AA40-4E6B788A63B4}.Recaptcha|x64.ActiveCfg = Release|Any CPU
		{609DF160-69F5-4185-AA40-4E6B788A63B4}.Recaptcha|x86.ActiveCfg = Release|Any CPU
		{609DF160-69F5-4185-AA40-4E6B788A63B4}.RedirectExperiments|Any CPU.ActiveCfg = RedirectExperiments|Any CPU
		{609DF160-69F5-4185-AA40-4E6B788A63B4}.RedirectExperiments|ARM.ActiveCfg = RedirectExperiments|Any CPU
		{609DF160-69F5-4185-AA40-4E6B788A63B4}.RedirectExperiments|Mixed Platforms.ActiveCfg = RedirectExperiments|Any CPU
		{609DF160-69F5-4185-AA40-4E6B788A63B4}.RedirectExperiments|Mixed Platforms.Build.0 = RedirectExperiments|Any CPU
		{609DF160-69F5-4185-AA40-4E6B788A63B4}.RedirectExperiments|x64.ActiveCfg = RedirectExperiments|Any CPU
		{609DF160-69F5-4185-AA40-4E6B788A63B4}.RedirectExperiments|x86.ActiveCfg = RedirectExperiments|Any CPU
		{609DF160-69F5-4185-AA40-4E6B788A63B4}.Release|Any CPU.ActiveCfg = Release|Any CPU
		{609DF160-69F5-4185-AA40-4E6B788A63B4}.Release|Any CPU.Build.0 = Release|Any CPU
		{609DF160-69F5-4185-AA40-4E6B788A63B4}.Release|ARM.ActiveCfg = Release|Any CPU
		{609DF160-69F5-4185-AA40-4E6B788A63B4}.Release|Mixed Platforms.ActiveCfg = Release|Any CPU
		{609DF160-69F5-4185-AA40-4E6B788A63B4}.Release|Mixed Platforms.Build.0 = Release|Any CPU
		{609DF160-69F5-4185-AA40-4E6B788A63B4}.Release|x64.ActiveCfg = Release|Any CPU
		{609DF160-69F5-4185-AA40-4E6B788A63B4}.Release|x86.ActiveCfg = Release|Any CPU
		{609DF160-69F5-4185-AA40-4E6B788A63B4}.Win8|Any CPU.ActiveCfg = Win8|Any CPU
		{609DF160-69F5-4185-AA40-4E6B788A63B4}.Win8|Any CPU.Build.0 = Win8|Any CPU
		{609DF160-69F5-4185-AA40-4E6B788A63B4}.Win8|ARM.ActiveCfg = Win8|Any CPU
		{609DF160-69F5-4185-AA40-4E6B788A63B4}.Win8|Mixed Platforms.ActiveCfg = Win8|Any CPU
		{609DF160-69F5-4185-AA40-4E6B788A63B4}.Win8|Mixed Platforms.Build.0 = Win8|Any CPU
		{609DF160-69F5-4185-AA40-4E6B788A63B4}.Win8|x64.ActiveCfg = Win8|Any CPU
		{609DF160-69F5-4185-AA40-4E6B788A63B4}.Win8|x86.ActiveCfg = Win8|Any CPU
		{43538C6C-68B1-440C-A9E6-E907A78DA5AC}.Debug_All|Any CPU.ActiveCfg = Debug|Any CPU
		{43538C6C-68B1-440C-A9E6-E907A78DA5AC}.Debug_All|ARM.ActiveCfg = Debug|Any CPU
		{43538C6C-68B1-440C-A9E6-E907A78DA5AC}.Debug_All|Mixed Platforms.ActiveCfg = Debug|Any CPU
		{43538C6C-68B1-440C-A9E6-E907A78DA5AC}.Debug_All|Mixed Platforms.Build.0 = Debug|Any CPU
		{43538C6C-68B1-440C-A9E6-E907A78DA5AC}.Debug_All|x64.ActiveCfg = Debug|Any CPU
		{43538C6C-68B1-440C-A9E6-E907A78DA5AC}.Debug_All|x86.ActiveCfg = Debug|Any CPU
		{43538C6C-68B1-440C-A9E6-E907A78DA5AC}.Debug_All|x86.Build.0 = Debug|Any CPU
		{43538C6C-68B1-440C-A9E6-E907A78DA5AC}.Debug|Any CPU.ActiveCfg = Debug|Any CPU
		{43538C6C-68B1-440C-A9E6-E907A78DA5AC}.Debug|ARM.ActiveCfg = Debug|Any CPU
		{43538C6C-68B1-440C-A9E6-E907A78DA5AC}.Debug|Mixed Platforms.ActiveCfg = Debug|Any CPU
		{43538C6C-68B1-440C-A9E6-E907A78DA5AC}.Debug|Mixed Platforms.Build.0 = Debug|Any CPU
		{43538C6C-68B1-440C-A9E6-E907A78DA5AC}.Debug|x64.ActiveCfg = Debug|Any CPU
		{43538C6C-68B1-440C-A9E6-E907A78DA5AC}.Debug|x86.ActiveCfg = Debug|Any CPU
		{43538C6C-68B1-440C-A9E6-E907A78DA5AC}.Recaptcha|Any CPU.ActiveCfg = Release|Any CPU
		{43538C6C-68B1-440C-A9E6-E907A78DA5AC}.Recaptcha|Any CPU.Build.0 = Release|Any CPU
		{43538C6C-68B1-440C-A9E6-E907A78DA5AC}.Recaptcha|ARM.ActiveCfg = Release|Any CPU
		{43538C6C-68B1-440C-A9E6-E907A78DA5AC}.Recaptcha|Mixed Platforms.ActiveCfg = Release|Any CPU
		{43538C6C-68B1-440C-A9E6-E907A78DA5AC}.Recaptcha|Mixed Platforms.Build.0 = Release|Any CPU
		{43538C6C-68B1-440C-A9E6-E907A78DA5AC}.Recaptcha|x64.ActiveCfg = Release|Any CPU
		{43538C6C-68B1-440C-A9E6-E907A78DA5AC}.Recaptcha|x86.ActiveCfg = Release|Any CPU
		{43538C6C-68B1-440C-A9E6-E907A78DA5AC}.RedirectExperiments|Any CPU.ActiveCfg = RedirectExperiments|Any CPU
		{43538C6C-68B1-440C-A9E6-E907A78DA5AC}.RedirectExperiments|Any CPU.Build.0 = RedirectExperiments|Any CPU
		{43538C6C-68B1-440C-A9E6-E907A78DA5AC}.RedirectExperiments|ARM.ActiveCfg = RedirectExperiments|Any CPU
		{43538C6C-68B1-440C-A9E6-E907A78DA5AC}.RedirectExperiments|Mixed Platforms.ActiveCfg = RedirectExperiments|Any CPU
		{43538C6C-68B1-440C-A9E6-E907A78DA5AC}.RedirectExperiments|Mixed Platforms.Build.0 = RedirectExperiments|Any CPU
		{43538C6C-68B1-440C-A9E6-E907A78DA5AC}.RedirectExperiments|x64.ActiveCfg = RedirectExperiments|Any CPU
		{43538C6C-68B1-440C-A9E6-E907A78DA5AC}.RedirectExperiments|x86.ActiveCfg = RedirectExperiments|Any CPU
		{43538C6C-68B1-440C-A9E6-E907A78DA5AC}.RedirectExperiments|x86.Build.0 = RedirectExperiments|Any CPU
		{43538C6C-68B1-440C-A9E6-E907A78DA5AC}.RedirectExperiments|x86.Deploy.0 = RedirectExperiments|Any CPU
		{43538C6C-68B1-440C-A9E6-E907A78DA5AC}.Release|Any CPU.ActiveCfg = Release|Any CPU
		{43538C6C-68B1-440C-A9E6-E907A78DA5AC}.Release|Any CPU.Build.0 = Release|Any CPU
		{43538C6C-68B1-440C-A9E6-E907A78DA5AC}.Release|ARM.ActiveCfg = Release|Any CPU
		{43538C6C-68B1-440C-A9E6-E907A78DA5AC}.Release|Mixed Platforms.ActiveCfg = Release|Any CPU
		{43538C6C-68B1-440C-A9E6-E907A78DA5AC}.Release|Mixed Platforms.Build.0 = Release|Any CPU
		{43538C6C-68B1-440C-A9E6-E907A78DA5AC}.Release|x64.ActiveCfg = Release|Any CPU
		{43538C6C-68B1-440C-A9E6-E907A78DA5AC}.Release|x86.ActiveCfg = Release|Any CPU
		{43538C6C-68B1-440C-A9E6-E907A78DA5AC}.Win8|Any CPU.ActiveCfg = Win8|Any CPU
		{43538C6C-68B1-440C-A9E6-E907A78DA5AC}.Win8|Any CPU.Build.0 = Win8|Any CPU
		{43538C6C-68B1-440C-A9E6-E907A78DA5AC}.Win8|ARM.ActiveCfg = Win8|Any CPU
		{43538C6C-68B1-440C-A9E6-E907A78DA5AC}.Win8|Mixed Platforms.ActiveCfg = Win8|Any CPU
		{43538C6C-68B1-440C-A9E6-E907A78DA5AC}.Win8|Mixed Platforms.Build.0 = Win8|Any CPU
		{43538C6C-68B1-440C-A9E6-E907A78DA5AC}.Win8|x64.ActiveCfg = Win8|Any CPU
		{43538C6C-68B1-440C-A9E6-E907A78DA5AC}.Win8|x86.ActiveCfg = Win8|Any CPU
		{0BED4938-1704-4969-BA74-3995153EF934}.Debug_All|Any CPU.ActiveCfg = Debug|Any CPU
		{0BED4938-1704-4969-BA74-3995153EF934}.Debug_All|Any CPU.Build.0 = Debug|Any CPU
		{0BED4938-1704-4969-BA74-3995153EF934}.Debug_All|ARM.ActiveCfg = Debug|Any CPU
		{0BED4938-1704-4969-BA74-3995153EF934}.Debug_All|Mixed Platforms.ActiveCfg = Debug|Any CPU
		{0BED4938-1704-4969-BA74-3995153EF934}.Debug_All|Mixed Platforms.Build.0 = Debug|Any CPU
		{0BED4938-1704-4969-BA74-3995153EF934}.Debug_All|x64.ActiveCfg = Debug|Any CPU
		{0BED4938-1704-4969-BA74-3995153EF934}.Debug_All|x86.ActiveCfg = Debug|Any CPU
		{0BED4938-1704-4969-BA74-3995153EF934}.Debug_All|x86.Build.0 = Debug|Any CPU
		{0BED4938-1704-4969-BA74-3995153EF934}.Debug|Any CPU.ActiveCfg = Debug|Any CPU
		{0BED4938-1704-4969-BA74-3995153EF934}.Debug|Any CPU.Build.0 = Debug|Any CPU
		{0BED4938-1704-4969-BA74-3995153EF934}.Debug|ARM.ActiveCfg = Debug|Any CPU
		{0BED4938-1704-4969-BA74-3995153EF934}.Debug|Mixed Platforms.ActiveCfg = Debug|Any CPU
		{0BED4938-1704-4969-BA74-3995153EF934}.Debug|Mixed Platforms.Build.0 = Debug|Any CPU
		{0BED4938-1704-4969-BA74-3995153EF934}.Debug|x64.ActiveCfg = Debug|Any CPU
		{0BED4938-1704-4969-BA74-3995153EF934}.Debug|x86.ActiveCfg = Debug|Any CPU
		{0BED4938-1704-4969-BA74-3995153EF934}.Recaptcha|Any CPU.ActiveCfg = Release|Any CPU
		{0BED4938-1704-4969-BA74-3995153EF934}.Recaptcha|Any CPU.Build.0 = Release|Any CPU
		{0BED4938-1704-4969-BA74-3995153EF934}.Recaptcha|ARM.ActiveCfg = Release|Any CPU
		{0BED4938-1704-4969-BA74-3995153EF934}.Recaptcha|Mixed Platforms.ActiveCfg = Release|Any CPU
		{0BED4938-1704-4969-BA74-3995153EF934}.Recaptcha|Mixed Platforms.Build.0 = Release|Any CPU
		{0BED4938-1704-4969-BA74-3995153EF934}.Recaptcha|x64.ActiveCfg = Release|Any CPU
		{0BED4938-1704-4969-BA74-3995153EF934}.Recaptcha|x86.ActiveCfg = Release|Any CPU
		{0BED4938-1704-4969-BA74-3995153EF934}.RedirectExperiments|Any CPU.ActiveCfg = RedirectExperiments|Any CPU
		{0BED4938-1704-4969-BA74-3995153EF934}.RedirectExperiments|ARM.ActiveCfg = RedirectExperiments|Any CPU
		{0BED4938-1704-4969-BA74-3995153EF934}.RedirectExperiments|Mixed Platforms.ActiveCfg = RedirectExperiments|Any CPU
		{0BED4938-1704-4969-BA74-3995153EF934}.RedirectExperiments|Mixed Platforms.Build.0 = RedirectExperiments|Any CPU
		{0BED4938-1704-4969-BA74-3995153EF934}.RedirectExperiments|x64.ActiveCfg = RedirectExperiments|Any CPU
		{0BED4938-1704-4969-BA74-3995153EF934}.RedirectExperiments|x86.ActiveCfg = RedirectExperiments|Any CPU
		{0BED4938-1704-4969-BA74-3995153EF934}.Release|Any CPU.ActiveCfg = Release|Any CPU
		{0BED4938-1704-4969-BA74-3995153EF934}.Release|Any CPU.Build.0 = Release|Any CPU
		{0BED4938-1704-4969-BA74-3995153EF934}.Release|ARM.ActiveCfg = Release|Any CPU
		{0BED4938-1704-4969-BA74-3995153EF934}.Release|Mixed Platforms.ActiveCfg = Release|Any CPU
		{0BED4938-1704-4969-BA74-3995153EF934}.Release|Mixed Platforms.Build.0 = Release|Any CPU
		{0BED4938-1704-4969-BA74-3995153EF934}.Release|x64.ActiveCfg = Release|Any CPU
		{0BED4938-1704-4969-BA74-3995153EF934}.Release|x86.ActiveCfg = Release|Any CPU
		{0BED4938-1704-4969-BA74-3995153EF934}.Win8|Any CPU.ActiveCfg = Win8|Any CPU
		{0BED4938-1704-4969-BA74-3995153EF934}.Win8|Any CPU.Build.0 = Win8|Any CPU
		{0BED4938-1704-4969-BA74-3995153EF934}.Win8|ARM.ActiveCfg = Win8|Any CPU
		{0BED4938-1704-4969-BA74-3995153EF934}.Win8|Mixed Platforms.ActiveCfg = Win8|Any CPU
		{0BED4938-1704-4969-BA74-3995153EF934}.Win8|Mixed Platforms.Build.0 = Win8|Any CPU
		{0BED4938-1704-4969-BA74-3995153EF934}.Win8|x64.ActiveCfg = Win8|Any CPU
		{0BED4938-1704-4969-BA74-3995153EF934}.Win8|x86.ActiveCfg = Win8|Any CPU
		{DB083E16-14E2-4E23-8B6A-432A2C9B7EB1}.Debug_All|Any CPU.ActiveCfg = Debug|Any CPU
		{DB083E16-14E2-4E23-8B6A-432A2C9B7EB1}.Debug_All|Any CPU.Build.0 = Debug|Any CPU
		{DB083E16-14E2-4E23-8B6A-432A2C9B7EB1}.Debug_All|ARM.ActiveCfg = Debug|ARM
		{DB083E16-14E2-4E23-8B6A-432A2C9B7EB1}.Debug_All|ARM.Build.0 = Debug|ARM
		{DB083E16-14E2-4E23-8B6A-432A2C9B7EB1}.Debug_All|ARM.Deploy.0 = Debug|ARM
		{DB083E16-14E2-4E23-8B6A-432A2C9B7EB1}.Debug_All|Mixed Platforms.ActiveCfg = Debug|x86
		{DB083E16-14E2-4E23-8B6A-432A2C9B7EB1}.Debug_All|Mixed Platforms.Build.0 = Debug|x86
		{DB083E16-14E2-4E23-8B6A-432A2C9B7EB1}.Debug_All|Mixed Platforms.Deploy.0 = Debug|x86
		{DB083E16-14E2-4E23-8B6A-432A2C9B7EB1}.Debug_All|x64.ActiveCfg = Debug|x64
		{DB083E16-14E2-4E23-8B6A-432A2C9B7EB1}.Debug_All|x64.Build.0 = Debug|x64
		{DB083E16-14E2-4E23-8B6A-432A2C9B7EB1}.Debug_All|x64.Deploy.0 = Debug|x64
		{DB083E16-14E2-4E23-8B6A-432A2C9B7EB1}.Debug_All|x86.ActiveCfg = Debug|x86
		{DB083E16-14E2-4E23-8B6A-432A2C9B7EB1}.Debug_All|x86.Build.0 = Debug|x86
		{DB083E16-14E2-4E23-8B6A-432A2C9B7EB1}.Debug_All|x86.Deploy.0 = Debug|x86
		{DB083E16-14E2-4E23-8B6A-432A2C9B7EB1}.Debug|Any CPU.ActiveCfg = Debug|Any CPU
		{DB083E16-14E2-4E23-8B6A-432A2C9B7EB1}.Debug|Any CPU.Build.0 = Debug|Any CPU
		{DB083E16-14E2-4E23-8B6A-432A2C9B7EB1}.Debug|Any CPU.Deploy.0 = Debug|Any CPU
		{DB083E16-14E2-4E23-8B6A-432A2C9B7EB1}.Debug|ARM.ActiveCfg = Debug|ARM
		{DB083E16-14E2-4E23-8B6A-432A2C9B7EB1}.Debug|ARM.Build.0 = Debug|ARM
		{DB083E16-14E2-4E23-8B6A-432A2C9B7EB1}.Debug|ARM.Deploy.0 = Debug|ARM
		{DB083E16-14E2-4E23-8B6A-432A2C9B7EB1}.Debug|Mixed Platforms.ActiveCfg = Debug|x86
		{DB083E16-14E2-4E23-8B6A-432A2C9B7EB1}.Debug|Mixed Platforms.Build.0 = Debug|x86
		{DB083E16-14E2-4E23-8B6A-432A2C9B7EB1}.Debug|Mixed Platforms.Deploy.0 = Debug|x86
		{DB083E16-14E2-4E23-8B6A-432A2C9B7EB1}.Debug|x64.ActiveCfg = Debug|x64
		{DB083E16-14E2-4E23-8B6A-432A2C9B7EB1}.Debug|x64.Build.0 = Debug|x64
		{DB083E16-14E2-4E23-8B6A-432A2C9B7EB1}.Debug|x64.Deploy.0 = Debug|x64
		{DB083E16-14E2-4E23-8B6A-432A2C9B7EB1}.Debug|x86.ActiveCfg = Debug|x86
		{DB083E16-14E2-4E23-8B6A-432A2C9B7EB1}.Debug|x86.Build.0 = Debug|x86
		{DB083E16-14E2-4E23-8B6A-432A2C9B7EB1}.Debug|x86.Deploy.0 = Debug|x86
		{DB083E16-14E2-4E23-8B6A-432A2C9B7EB1}.Recaptcha|Any CPU.ActiveCfg = Release|Any CPU
		{DB083E16-14E2-4E23-8B6A-432A2C9B7EB1}.Recaptcha|ARM.ActiveCfg = Release|ARM
		{DB083E16-14E2-4E23-8B6A-432A2C9B7EB1}.Recaptcha|Mixed Platforms.ActiveCfg = Release|x86
		{DB083E16-14E2-4E23-8B6A-432A2C9B7EB1}.Recaptcha|x64.ActiveCfg = Release|x64
		{DB083E16-14E2-4E23-8B6A-432A2C9B7EB1}.Recaptcha|x86.ActiveCfg = Release|x86
		{DB083E16-14E2-4E23-8B6A-432A2C9B7EB1}.RedirectExperiments|Any CPU.ActiveCfg = RedirectExperiments|Any CPU
		{DB083E16-14E2-4E23-8B6A-432A2C9B7EB1}.RedirectExperiments|ARM.ActiveCfg = RedirectExperiments|ARM
		{DB083E16-14E2-4E23-8B6A-432A2C9B7EB1}.RedirectExperiments|ARM.Build.0 = RedirectExperiments|ARM
		{DB083E16-14E2-4E23-8B6A-432A2C9B7EB1}.RedirectExperiments|ARM.Deploy.0 = RedirectExperiments|ARM
		{DB083E16-14E2-4E23-8B6A-432A2C9B7EB1}.RedirectExperiments|Mixed Platforms.ActiveCfg = RedirectExperiments|x86
		{DB083E16-14E2-4E23-8B6A-432A2C9B7EB1}.RedirectExperiments|Mixed Platforms.Build.0 = RedirectExperiments|x86
		{DB083E16-14E2-4E23-8B6A-432A2C9B7EB1}.RedirectExperiments|Mixed Platforms.Deploy.0 = RedirectExperiments|x86
		{DB083E16-14E2-4E23-8B6A-432A2C9B7EB1}.RedirectExperiments|x64.ActiveCfg = RedirectExperiments|x64
		{DB083E16-14E2-4E23-8B6A-432A2C9B7EB1}.RedirectExperiments|x64.Build.0 = RedirectExperiments|x64
		{DB083E16-14E2-4E23-8B6A-432A2C9B7EB1}.RedirectExperiments|x64.Deploy.0 = RedirectExperiments|x64
		{DB083E16-14E2-4E23-8B6A-432A2C9B7EB1}.RedirectExperiments|x86.ActiveCfg = RedirectExperiments|x86
		{DB083E16-14E2-4E23-8B6A-432A2C9B7EB1}.Release|Any CPU.ActiveCfg = Release|Any CPU
		{DB083E16-14E2-4E23-8B6A-432A2C9B7EB1}.Release|Any CPU.Build.0 = Release|Any CPU
		{DB083E16-14E2-4E23-8B6A-432A2C9B7EB1}.Release|Any CPU.Deploy.0 = Release|Any CPU
		{DB083E16-14E2-4E23-8B6A-432A2C9B7EB1}.Release|ARM.ActiveCfg = Release|ARM
		{DB083E16-14E2-4E23-8B6A-432A2C9B7EB1}.Release|ARM.Build.0 = Release|ARM
		{DB083E16-14E2-4E23-8B6A-432A2C9B7EB1}.Release|ARM.Deploy.0 = Release|ARM
		{DB083E16-14E2-4E23-8B6A-432A2C9B7EB1}.Release|Mixed Platforms.ActiveCfg = Release|x86
		{DB083E16-14E2-4E23-8B6A-432A2C9B7EB1}.Release|Mixed Platforms.Build.0 = Release|x86
		{DB083E16-14E2-4E23-8B6A-432A2C9B7EB1}.Release|Mixed Platforms.Deploy.0 = Release|x86
		{DB083E16-14E2-4E23-8B6A-432A2C9B7EB1}.Release|x64.ActiveCfg = Release|x64
		{DB083E16-14E2-4E23-8B6A-432A2C9B7EB1}.Release|x64.Build.0 = Release|x64
		{DB083E16-14E2-4E23-8B6A-432A2C9B7EB1}.Release|x64.Deploy.0 = Release|x64
		{DB083E16-14E2-4E23-8B6A-432A2C9B7EB1}.Release|x86.ActiveCfg = Release|x86
		{DB083E16-14E2-4E23-8B6A-432A2C9B7EB1}.Release|x86.Build.0 = Release|x86
		{DB083E16-14E2-4E23-8B6A-432A2C9B7EB1}.Release|x86.Deploy.0 = Release|x86
		{DB083E16-14E2-4E23-8B6A-432A2C9B7EB1}.Win8|Any CPU.ActiveCfg = Debug|Any CPU
		{DB083E16-14E2-4E23-8B6A-432A2C9B7EB1}.Win8|Any CPU.Build.0 = Debug|Any CPU
		{DB083E16-14E2-4E23-8B6A-432A2C9B7EB1}.Win8|Any CPU.Deploy.0 = Debug|Any CPU
		{DB083E16-14E2-4E23-8B6A-432A2C9B7EB1}.Win8|ARM.ActiveCfg = Release|ARM
		{DB083E16-14E2-4E23-8B6A-432A2C9B7EB1}.Win8|ARM.Build.0 = Release|ARM
		{DB083E16-14E2-4E23-8B6A-432A2C9B7EB1}.Win8|ARM.Deploy.0 = Release|ARM
		{DB083E16-14E2-4E23-8B6A-432A2C9B7EB1}.Win8|Mixed Platforms.ActiveCfg = Release|x86
		{DB083E16-14E2-4E23-8B6A-432A2C9B7EB1}.Win8|Mixed Platforms.Build.0 = Release|x86
		{DB083E16-14E2-4E23-8B6A-432A2C9B7EB1}.Win8|Mixed Platforms.Deploy.0 = Release|x86
		{DB083E16-14E2-4E23-8B6A-432A2C9B7EB1}.Win8|x64.ActiveCfg = Release|x64
		{DB083E16-14E2-4E23-8B6A-432A2C9B7EB1}.Win8|x64.Build.0 = Release|x64
		{DB083E16-14E2-4E23-8B6A-432A2C9B7EB1}.Win8|x64.Deploy.0 = Release|x64
		{DB083E16-14E2-4E23-8B6A-432A2C9B7EB1}.Win8|x86.ActiveCfg = Debug|x86
		{DB083E16-14E2-4E23-8B6A-432A2C9B7EB1}.Win8|x86.Build.0 = Debug|x86
		{DB083E16-14E2-4E23-8B6A-432A2C9B7EB1}.Win8|x86.Deploy.0 = Debug|x86
		{A55CDEA9-7E56-4CA7-B81F-3622620E3DDC}.Debug_All|Any CPU.ActiveCfg = Debug|Any CPU
		{A55CDEA9-7E56-4CA7-B81F-3622620E3DDC}.Debug_All|Any CPU.Build.0 = Debug|Any CPU
		{A55CDEA9-7E56-4CA7-B81F-3622620E3DDC}.Debug_All|ARM.ActiveCfg = Debug|Any CPU
		{A55CDEA9-7E56-4CA7-B81F-3622620E3DDC}.Debug_All|Mixed Platforms.ActiveCfg = Debug|Any CPU
		{A55CDEA9-7E56-4CA7-B81F-3622620E3DDC}.Debug_All|Mixed Platforms.Build.0 = Debug|Any CPU
		{A55CDEA9-7E56-4CA7-B81F-3622620E3DDC}.Debug_All|x64.ActiveCfg = Debug|Any CPU
		{A55CDEA9-7E56-4CA7-B81F-3622620E3DDC}.Debug_All|x86.ActiveCfg = Debug|Any CPU
		{A55CDEA9-7E56-4CA7-B81F-3622620E3DDC}.Debug|Any CPU.ActiveCfg = Debug|Any CPU
		{A55CDEA9-7E56-4CA7-B81F-3622620E3DDC}.Debug|ARM.ActiveCfg = Debug|Any CPU
		{A55CDEA9-7E56-4CA7-B81F-3622620E3DDC}.Debug|Mixed Platforms.ActiveCfg = Debug|Any CPU
		{A55CDEA9-7E56-4CA7-B81F-3622620E3DDC}.Debug|Mixed Platforms.Build.0 = Debug|Any CPU
		{A55CDEA9-7E56-4CA7-B81F-3622620E3DDC}.Debug|x64.ActiveCfg = Debug|Any CPU
		{A55CDEA9-7E56-4CA7-B81F-3622620E3DDC}.Debug|x86.ActiveCfg = Debug|Any CPU
		{A55CDEA9-7E56-4CA7-B81F-3622620E3DDC}.Recaptcha|Any CPU.ActiveCfg = Release|Any CPU
		{A55CDEA9-7E56-4CA7-B81F-3622620E3DDC}.Recaptcha|Any CPU.Build.0 = Release|Any CPU
		{A55CDEA9-7E56-4CA7-B81F-3622620E3DDC}.Recaptcha|ARM.ActiveCfg = Release|Any CPU
		{A55CDEA9-7E56-4CA7-B81F-3622620E3DDC}.Recaptcha|Mixed Platforms.ActiveCfg = Release|Any CPU
		{A55CDEA9-7E56-4CA7-B81F-3622620E3DDC}.Recaptcha|Mixed Platforms.Build.0 = Release|Any CPU
		{A55CDEA9-7E56-4CA7-B81F-3622620E3DDC}.Recaptcha|x64.ActiveCfg = Release|Any CPU
		{A55CDEA9-7E56-4CA7-B81F-3622620E3DDC}.Recaptcha|x86.ActiveCfg = Release|Any CPU
		{A55CDEA9-7E56-4CA7-B81F-3622620E3DDC}.RedirectExperiments|Any CPU.ActiveCfg = Release|Any CPU
		{A55CDEA9-7E56-4CA7-B81F-3622620E3DDC}.RedirectExperiments|Any CPU.Build.0 = Release|Any CPU
		{A55CDEA9-7E56-4CA7-B81F-3622620E3DDC}.RedirectExperiments|ARM.ActiveCfg = Release|Any CPU
		{A55CDEA9-7E56-4CA7-B81F-3622620E3DDC}.RedirectExperiments|Mixed Platforms.ActiveCfg = Release|Any CPU
		{A55CDEA9-7E56-4CA7-B81F-3622620E3DDC}.RedirectExperiments|Mixed Platforms.Build.0 = Release|Any CPU
		{A55CDEA9-7E56-4CA7-B81F-3622620E3DDC}.RedirectExperiments|x64.ActiveCfg = Release|Any CPU
		{A55CDEA9-7E56-4CA7-B81F-3622620E3DDC}.RedirectExperiments|x86.ActiveCfg = Release|Any CPU
		{A55CDEA9-7E56-4CA7-B81F-3622620E3DDC}.Release|Any CPU.ActiveCfg = Release|Any CPU
		{A55CDEA9-7E56-4CA7-B81F-3622620E3DDC}.Release|Any CPU.Build.0 = Release|Any CPU
		{A55CDEA9-7E56-4CA7-B81F-3622620E3DDC}.Release|ARM.ActiveCfg = Release|Any CPU
		{A55CDEA9-7E56-4CA7-B81F-3622620E3DDC}.Release|Mixed Platforms.ActiveCfg = Release|Any CPU
		{A55CDEA9-7E56-4CA7-B81F-3622620E3DDC}.Release|Mixed Platforms.Build.0 = Release|Any CPU
		{A55CDEA9-7E56-4CA7-B81F-3622620E3DDC}.Release|x64.ActiveCfg = Release|Any CPU
		{A55CDEA9-7E56-4CA7-B81F-3622620E3DDC}.Release|x86.ActiveCfg = Release|Any CPU
		{A55CDEA9-7E56-4CA7-B81F-3622620E3DDC}.Win8|Any CPU.ActiveCfg = Release|Any CPU
		{A55CDEA9-7E56-4CA7-B81F-3622620E3DDC}.Win8|Any CPU.Build.0 = Release|Any CPU
		{A55CDEA9-7E56-4CA7-B81F-3622620E3DDC}.Win8|ARM.ActiveCfg = Release|Any CPU
		{A55CDEA9-7E56-4CA7-B81F-3622620E3DDC}.Win8|Mixed Platforms.ActiveCfg = Release|Any CPU
		{A55CDEA9-7E56-4CA7-B81F-3622620E3DDC}.Win8|Mixed Platforms.Build.0 = Release|Any CPU
		{A55CDEA9-7E56-4CA7-B81F-3622620E3DDC}.Win8|x64.ActiveCfg = Release|Any CPU
		{A55CDEA9-7E56-4CA7-B81F-3622620E3DDC}.Win8|x86.ActiveCfg = Release|Any CPU
		{B4F9C525-5C56-440E-B4C2-972A33D7C8CD}.Debug_All|Any CPU.ActiveCfg = Debug|Any CPU
		{B4F9C525-5C56-440E-B4C2-972A33D7C8CD}.Debug_All|Any CPU.Build.0 = Debug|Any CPU
		{B4F9C525-5C56-440E-B4C2-972A33D7C8CD}.Debug_All|ARM.ActiveCfg = Debug|Any CPU
		{B4F9C525-5C56-440E-B4C2-972A33D7C8CD}.Debug_All|Mixed Platforms.ActiveCfg = Debug|Any CPU
		{B4F9C525-5C56-440E-B4C2-972A33D7C8CD}.Debug_All|Mixed Platforms.Build.0 = Debug|Any CPU
		{B4F9C525-5C56-440E-B4C2-972A33D7C8CD}.Debug_All|x64.ActiveCfg = Debug|Any CPU
		{B4F9C525-5C56-440E-B4C2-972A33D7C8CD}.Debug_All|x86.ActiveCfg = Debug|Any CPU
		{B4F9C525-5C56-440E-B4C2-972A33D7C8CD}.Debug|Any CPU.ActiveCfg = Debug|Any CPU
		{B4F9C525-5C56-440E-B4C2-972A33D7C8CD}.Debug|ARM.ActiveCfg = Debug|Any CPU
		{B4F9C525-5C56-440E-B4C2-972A33D7C8CD}.Debug|Mixed Platforms.ActiveCfg = Debug|Any CPU
		{B4F9C525-5C56-440E-B4C2-972A33D7C8CD}.Debug|Mixed Platforms.Build.0 = Debug|Any CPU
		{B4F9C525-5C56-440E-B4C2-972A33D7C8CD}.Debug|x64.ActiveCfg = Debug|Any CPU
		{B4F9C525-5C56-440E-B4C2-972A33D7C8CD}.Debug|x86.ActiveCfg = Debug|Any CPU
		{B4F9C525-5C56-440E-B4C2-972A33D7C8CD}.Recaptcha|Any CPU.ActiveCfg = Release|Any CPU
		{B4F9C525-5C56-440E-B4C2-972A33D7C8CD}.Recaptcha|Any CPU.Build.0 = Release|Any CPU
		{B4F9C525-5C56-440E-B4C2-972A33D7C8CD}.Recaptcha|ARM.ActiveCfg = Release|Any CPU
		{B4F9C525-5C56-440E-B4C2-972A33D7C8CD}.Recaptcha|Mixed Platforms.ActiveCfg = Release|Any CPU
		{B4F9C525-5C56-440E-B4C2-972A33D7C8CD}.Recaptcha|Mixed Platforms.Build.0 = Release|Any CPU
		{B4F9C525-5C56-440E-B4C2-972A33D7C8CD}.Recaptcha|x64.ActiveCfg = Release|Any CPU
		{B4F9C525-5C56-440E-B4C2-972A33D7C8CD}.Recaptcha|x86.ActiveCfg = Release|Any CPU
		{B4F9C525-5C56-440E-B4C2-972A33D7C8CD}.RedirectExperiments|Any CPU.ActiveCfg = Release|Any CPU
		{B4F9C525-5C56-440E-B4C2-972A33D7C8CD}.RedirectExperiments|Any CPU.Build.0 = Release|Any CPU
		{B4F9C525-5C56-440E-B4C2-972A33D7C8CD}.RedirectExperiments|ARM.ActiveCfg = Release|Any CPU
		{B4F9C525-5C56-440E-B4C2-972A33D7C8CD}.RedirectExperiments|Mixed Platforms.ActiveCfg = Release|Any CPU
		{B4F9C525-5C56-440E-B4C2-972A33D7C8CD}.RedirectExperiments|Mixed Platforms.Build.0 = Release|Any CPU
		{B4F9C525-5C56-440E-B4C2-972A33D7C8CD}.RedirectExperiments|x64.ActiveCfg = Release|Any CPU
		{B4F9C525-5C56-440E-B4C2-972A33D7C8CD}.RedirectExperiments|x86.ActiveCfg = Release|Any CPU
		{B4F9C525-5C56-440E-B4C2-972A33D7C8CD}.Release|Any CPU.ActiveCfg = Release|Any CPU
		{B4F9C525-5C56-440E-B4C2-972A33D7C8CD}.Release|Any CPU.Build.0 = Release|Any CPU
		{B4F9C525-5C56-440E-B4C2-972A33D7C8CD}.Release|ARM.ActiveCfg = Release|Any CPU
		{B4F9C525-5C56-440E-B4C2-972A33D7C8CD}.Release|Mixed Platforms.ActiveCfg = Release|Any CPU
		{B4F9C525-5C56-440E-B4C2-972A33D7C8CD}.Release|Mixed Platforms.Build.0 = Release|Any CPU
		{B4F9C525-5C56-440E-B4C2-972A33D7C8CD}.Release|x64.ActiveCfg = Release|Any CPU
		{B4F9C525-5C56-440E-B4C2-972A33D7C8CD}.Release|x86.ActiveCfg = Release|Any CPU
		{B4F9C525-5C56-440E-B4C2-972A33D7C8CD}.Win8|Any CPU.ActiveCfg = Release|Any CPU
		{B4F9C525-5C56-440E-B4C2-972A33D7C8CD}.Win8|Any CPU.Build.0 = Release|Any CPU
		{B4F9C525-5C56-440E-B4C2-972A33D7C8CD}.Win8|ARM.ActiveCfg = Release|Any CPU
		{B4F9C525-5C56-440E-B4C2-972A33D7C8CD}.Win8|Mixed Platforms.ActiveCfg = Release|Any CPU
		{B4F9C525-5C56-440E-B4C2-972A33D7C8CD}.Win8|Mixed Platforms.Build.0 = Release|Any CPU
		{B4F9C525-5C56-440E-B4C2-972A33D7C8CD}.Win8|x64.ActiveCfg = Release|Any CPU
		{B4F9C525-5C56-440E-B4C2-972A33D7C8CD}.Win8|x86.ActiveCfg = Release|Any CPU
		{68F5F5F3-B8BB-4911-875F-6F00AAE04EA6}.Debug_All|Any CPU.ActiveCfg = Debug|Any CPU
		{68F5F5F3-B8BB-4911-875F-6F00AAE04EA6}.Debug_All|Any CPU.Build.0 = Debug|Any CPU
		{68F5F5F3-B8BB-4911-875F-6F00AAE04EA6}.Debug_All|ARM.ActiveCfg = Debug|Any CPU
		{68F5F5F3-B8BB-4911-875F-6F00AAE04EA6}.Debug_All|Mixed Platforms.ActiveCfg = Debug|Any CPU
		{68F5F5F3-B8BB-4911-875F-6F00AAE04EA6}.Debug_All|Mixed Platforms.Build.0 = Debug|Any CPU
		{68F5F5F3-B8BB-4911-875F-6F00AAE04EA6}.Debug_All|x64.ActiveCfg = Debug|Any CPU
		{68F5F5F3-B8BB-4911-875F-6F00AAE04EA6}.Debug_All|x86.ActiveCfg = Debug|Any CPU
		{68F5F5F3-B8BB-4911-875F-6F00AAE04EA6}.Debug|Any CPU.ActiveCfg = Debug|Any CPU
		{68F5F5F3-B8BB-4911-875F-6F00AAE04EA6}.Debug|Any CPU.Build.0 = Debug|Any CPU
		{68F5F5F3-B8BB-4911-875F-6F00AAE04EA6}.Debug|ARM.ActiveCfg = Debug|Any CPU
		{68F5F5F3-B8BB-4911-875F-6F00AAE04EA6}.Debug|Mixed Platforms.ActiveCfg = Debug|Any CPU
		{68F5F5F3-B8BB-4911-875F-6F00AAE04EA6}.Debug|Mixed Platforms.Build.0 = Debug|Any CPU
		{68F5F5F3-B8BB-4911-875F-6F00AAE04EA6}.Debug|x64.ActiveCfg = Debug|Any CPU
		{68F5F5F3-B8BB-4911-875F-6F00AAE04EA6}.Debug|x86.ActiveCfg = Debug|Any CPU
		{68F5F5F3-B8BB-4911-875F-6F00AAE04EA6}.Recaptcha|Any CPU.ActiveCfg = Release|Any CPU
		{68F5F5F3-B8BB-4911-875F-6F00AAE04EA6}.Recaptcha|ARM.ActiveCfg = Release|Any CPU
		{68F5F5F3-B8BB-4911-875F-6F00AAE04EA6}.Recaptcha|Mixed Platforms.ActiveCfg = Release|Any CPU
		{68F5F5F3-B8BB-4911-875F-6F00AAE04EA6}.Recaptcha|x64.ActiveCfg = Release|Any CPU
		{68F5F5F3-B8BB-4911-875F-6F00AAE04EA6}.Recaptcha|x86.ActiveCfg = Release|Any CPU
		{68F5F5F3-B8BB-4911-875F-6F00AAE04EA6}.RedirectExperiments|Any CPU.ActiveCfg = Release|Any CPU
		{68F5F5F3-B8BB-4911-875F-6F00AAE04EA6}.RedirectExperiments|Any CPU.Build.0 = Release|Any CPU
		{68F5F5F3-B8BB-4911-875F-6F00AAE04EA6}.RedirectExperiments|ARM.ActiveCfg = Release|Any CPU
		{68F5F5F3-B8BB-4911-875F-6F00AAE04EA6}.RedirectExperiments|Mixed Platforms.ActiveCfg = Release|Any CPU
		{68F5F5F3-B8BB-4911-875F-6F00AAE04EA6}.RedirectExperiments|Mixed Platforms.Build.0 = Release|Any CPU
		{68F5F5F3-B8BB-4911-875F-6F00AAE04EA6}.RedirectExperiments|x64.ActiveCfg = Release|Any CPU
		{68F5F5F3-B8BB-4911-875F-6F00AAE04EA6}.RedirectExperiments|x86.ActiveCfg = Release|Any CPU
		{68F5F5F3-B8BB-4911-875F-6F00AAE04EA6}.Release|Any CPU.ActiveCfg = Release|Any CPU
		{68F5F5F3-B8BB-4911-875F-6F00AAE04EA6}.Release|Any CPU.Build.0 = Release|Any CPU
		{68F5F5F3-B8BB-4911-875F-6F00AAE04EA6}.Release|ARM.ActiveCfg = Release|Any CPU
		{68F5F5F3-B8BB-4911-875F-6F00AAE04EA6}.Release|Mixed Platforms.ActiveCfg = Release|Any CPU
		{68F5F5F3-B8BB-4911-875F-6F00AAE04EA6}.Release|Mixed Platforms.Build.0 = Release|Any CPU
		{68F5F5F3-B8BB-4911-875F-6F00AAE04EA6}.Release|x64.ActiveCfg = Release|Any CPU
		{68F5F5F3-B8BB-4911-875F-6F00AAE04EA6}.Release|x86.ActiveCfg = Release|Any CPU
		{68F5F5F3-B8BB-4911-875F-6F00AAE04EA6}.Win8|Any CPU.ActiveCfg = Release|Any CPU
		{68F5F5F3-B8BB-4911-875F-6F00AAE04EA6}.Win8|Any CPU.Build.0 = Release|Any CPU
		{68F5F5F3-B8BB-4911-875F-6F00AAE04EA6}.Win8|ARM.ActiveCfg = Release|Any CPU
		{68F5F5F3-B8BB-4911-875F-6F00AAE04EA6}.Win8|Mixed Platforms.ActiveCfg = Release|Any CPU
		{68F5F5F3-B8BB-4911-875F-6F00AAE04EA6}.Win8|Mixed Platforms.Build.0 = Release|Any CPU
		{68F5F5F3-B8BB-4911-875F-6F00AAE04EA6}.Win8|x64.ActiveCfg = Release|Any CPU
		{68F5F5F3-B8BB-4911-875F-6F00AAE04EA6}.Win8|x86.ActiveCfg = Release|Any CPU
		{40B33131-B706-4AFA-A042-11C056439C92}.Debug_All|Any CPU.ActiveCfg = Debug|Any CPU
		{40B33131-B706-4AFA-A042-11C056439C92}.Debug_All|Any CPU.Build.0 = Debug|Any CPU
		{40B33131-B706-4AFA-A042-11C056439C92}.Debug_All|ARM.ActiveCfg = Debug|Any CPU
		{40B33131-B706-4AFA-A042-11C056439C92}.Debug_All|Mixed Platforms.ActiveCfg = Debug|Any CPU
		{40B33131-B706-4AFA-A042-11C056439C92}.Debug_All|Mixed Platforms.Build.0 = Debug|Any CPU
		{40B33131-B706-4AFA-A042-11C056439C92}.Debug_All|x64.ActiveCfg = Debug|Any CPU
		{40B33131-B706-4AFA-A042-11C056439C92}.Debug_All|x86.ActiveCfg = Debug|Any CPU
		{40B33131-B706-4AFA-A042-11C056439C92}.Debug|Any CPU.ActiveCfg = Debug|Any CPU
		{40B33131-B706-4AFA-A042-11C056439C92}.Debug|ARM.ActiveCfg = Debug|Any CPU
		{40B33131-B706-4AFA-A042-11C056439C92}.Debug|Mixed Platforms.ActiveCfg = Debug|Any CPU
		{40B33131-B706-4AFA-A042-11C056439C92}.Debug|Mixed Platforms.Build.0 = Debug|Any CPU
		{40B33131-B706-4AFA-A042-11C056439C92}.Debug|x64.ActiveCfg = Debug|Any CPU
		{40B33131-B706-4AFA-A042-11C056439C92}.Debug|x86.ActiveCfg = Debug|Any CPU
		{40B33131-B706-4AFA-A042-11C056439C92}.Recaptcha|Any CPU.ActiveCfg = Release|Any CPU
		{40B33131-B706-4AFA-A042-11C056439C92}.Recaptcha|Any CPU.Build.0 = Release|Any CPU
		{40B33131-B706-4AFA-A042-11C056439C92}.Recaptcha|ARM.ActiveCfg = Release|Any CPU
		{40B33131-B706-4AFA-A042-11C056439C92}.Recaptcha|Mixed Platforms.ActiveCfg = Release|Any CPU
		{40B33131-B706-4AFA-A042-11C056439C92}.Recaptcha|Mixed Platforms.Build.0 = Release|Any CPU
		{40B33131-B706-4AFA-A042-11C056439C92}.Recaptcha|x64.ActiveCfg = Release|Any CPU
		{40B33131-B706-4AFA-A042-11C056439C92}.Recaptcha|x86.ActiveCfg = Release|Any CPU
		{40B33131-B706-4AFA-A042-11C056439C92}.RedirectExperiments|Any CPU.ActiveCfg = Release|Any CPU
		{40B33131-B706-4AFA-A042-11C056439C92}.RedirectExperiments|Any CPU.Build.0 = Release|Any CPU
		{40B33131-B706-4AFA-A042-11C056439C92}.RedirectExperiments|ARM.ActiveCfg = Release|Any CPU
		{40B33131-B706-4AFA-A042-11C056439C92}.RedirectExperiments|Mixed Platforms.ActiveCfg = Release|Any CPU
		{40B33131-B706-4AFA-A042-11C056439C92}.RedirectExperiments|Mixed Platforms.Build.0 = Release|Any CPU
		{40B33131-B706-4AFA-A042-11C056439C92}.RedirectExperiments|x64.ActiveCfg = Release|Any CPU
		{40B33131-B706-4AFA-A042-11C056439C92}.RedirectExperiments|x86.ActiveCfg = Release|Any CPU
		{40B33131-B706-4AFA-A042-11C056439C92}.Release|Any CPU.ActiveCfg = Release|Any CPU
		{40B33131-B706-4AFA-A042-11C056439C92}.Release|Any CPU.Build.0 = Release|Any CPU
		{40B33131-B706-4AFA-A042-11C056439C92}.Release|ARM.ActiveCfg = Release|Any CPU
		{40B33131-B706-4AFA-A042-11C056439C92}.Release|Mixed Platforms.ActiveCfg = Release|Any CPU
		{40B33131-B706-4AFA-A042-11C056439C92}.Release|Mixed Platforms.Build.0 = Release|Any CPU
		{40B33131-B706-4AFA-A042-11C056439C92}.Release|x64.ActiveCfg = Release|Any CPU
		{40B33131-B706-4AFA-A042-11C056439C92}.Release|x86.ActiveCfg = Release|Any CPU
		{40B33131-B706-4AFA-A042-11C056439C92}.Win8|Any CPU.ActiveCfg = Release|Any CPU
		{40B33131-B706-4AFA-A042-11C056439C92}.Win8|Any CPU.Build.0 = Release|Any CPU
		{40B33131-B706-4AFA-A042-11C056439C92}.Win8|ARM.ActiveCfg = Release|Any CPU
		{40B33131-B706-4AFA-A042-11C056439C92}.Win8|Mixed Platforms.ActiveCfg = Release|Any CPU
		{40B33131-B706-4AFA-A042-11C056439C92}.Win8|Mixed Platforms.Build.0 = Release|Any CPU
		{40B33131-B706-4AFA-A042-11C056439C92}.Win8|x64.ActiveCfg = Release|Any CPU
		{40B33131-B706-4AFA-A042-11C056439C92}.Win8|x86.ActiveCfg = Release|Any CPU
		{2E7D880E-FADF-4B1E-B2A9-68355A832ECD}.Debug_All|Any CPU.ActiveCfg = Debug|Any CPU
		{2E7D880E-FADF-4B1E-B2A9-68355A832ECD}.Debug_All|Any CPU.Build.0 = Debug|Any CPU
		{2E7D880E-FADF-4B1E-B2A9-68355A832ECD}.Debug_All|ARM.ActiveCfg = Debug|Any CPU
		{2E7D880E-FADF-4B1E-B2A9-68355A832ECD}.Debug_All|Mixed Platforms.ActiveCfg = Debug|Any CPU
		{2E7D880E-FADF-4B1E-B2A9-68355A832ECD}.Debug_All|Mixed Platforms.Build.0 = Debug|Any CPU
		{2E7D880E-FADF-4B1E-B2A9-68355A832ECD}.Debug_All|x64.ActiveCfg = Debug|Any CPU
		{2E7D880E-FADF-4B1E-B2A9-68355A832ECD}.Debug_All|x86.ActiveCfg = Debug|Any CPU
		{2E7D880E-FADF-4B1E-B2A9-68355A832ECD}.Debug|Any CPU.ActiveCfg = Debug|Any CPU
		{2E7D880E-FADF-4B1E-B2A9-68355A832ECD}.Debug|ARM.ActiveCfg = Debug|Any CPU
		{2E7D880E-FADF-4B1E-B2A9-68355A832ECD}.Debug|Mixed Platforms.ActiveCfg = Debug|Any CPU
		{2E7D880E-FADF-4B1E-B2A9-68355A832ECD}.Debug|Mixed Platforms.Build.0 = Debug|Any CPU
		{2E7D880E-FADF-4B1E-B2A9-68355A832ECD}.Debug|x64.ActiveCfg = Debug|Any CPU
		{2E7D880E-FADF-4B1E-B2A9-68355A832ECD}.Debug|x86.ActiveCfg = Debug|Any CPU
		{2E7D880E-FADF-4B1E-B2A9-68355A832ECD}.Recaptcha|Any CPU.ActiveCfg = Release|Any CPU
		{2E7D880E-FADF-4B1E-B2A9-68355A832ECD}.Recaptcha|Any CPU.Build.0 = Release|Any CPU
		{2E7D880E-FADF-4B1E-B2A9-68355A832ECD}.Recaptcha|ARM.ActiveCfg = Release|Any CPU
		{2E7D880E-FADF-4B1E-B2A9-68355A832ECD}.Recaptcha|Mixed Platforms.ActiveCfg = Release|Any CPU
		{2E7D880E-FADF-4B1E-B2A9-68355A832ECD}.Recaptcha|Mixed Platforms.Build.0 = Release|Any CPU
		{2E7D880E-FADF-4B1E-B2A9-68355A832ECD}.Recaptcha|x64.ActiveCfg = Release|Any CPU
		{2E7D880E-FADF-4B1E-B2A9-68355A832ECD}.Recaptcha|x86.ActiveCfg = Release|Any CPU
		{2E7D880E-FADF-4B1E-B2A9-68355A832ECD}.RedirectExperiments|Any CPU.ActiveCfg = Release|Any CPU
		{2E7D880E-FADF-4B1E-B2A9-68355A832ECD}.RedirectExperiments|Any CPU.Build.0 = Release|Any CPU
		{2E7D880E-FADF-4B1E-B2A9-68355A832ECD}.RedirectExperiments|ARM.ActiveCfg = Release|Any CPU
		{2E7D880E-FADF-4B1E-B2A9-68355A832ECD}.RedirectExperiments|Mixed Platforms.ActiveCfg = Release|Any CPU
		{2E7D880E-FADF-4B1E-B2A9-68355A832ECD}.RedirectExperiments|Mixed Platforms.Build.0 = Release|Any CPU
		{2E7D880E-FADF-4B1E-B2A9-68355A832ECD}.RedirectExperiments|x64.ActiveCfg = Release|Any CPU
		{2E7D880E-FADF-4B1E-B2A9-68355A832ECD}.RedirectExperiments|x86.ActiveCfg = Release|Any CPU
		{2E7D880E-FADF-4B1E-B2A9-68355A832ECD}.Release|Any CPU.ActiveCfg = Release|Any CPU
		{2E7D880E-FADF-4B1E-B2A9-68355A832ECD}.Release|Any CPU.Build.0 = Release|Any CPU
		{2E7D880E-FADF-4B1E-B2A9-68355A832ECD}.Release|ARM.ActiveCfg = Release|Any CPU
		{2E7D880E-FADF-4B1E-B2A9-68355A832ECD}.Release|Mixed Platforms.ActiveCfg = Release|Any CPU
		{2E7D880E-FADF-4B1E-B2A9-68355A832ECD}.Release|Mixed Platforms.Build.0 = Release|Any CPU
		{2E7D880E-FADF-4B1E-B2A9-68355A832ECD}.Release|x64.ActiveCfg = Release|Any CPU
		{2E7D880E-FADF-4B1E-B2A9-68355A832ECD}.Release|x86.ActiveCfg = Release|Any CPU
		{2E7D880E-FADF-4B1E-B2A9-68355A832ECD}.Win8|Any CPU.ActiveCfg = Release|Any CPU
		{2E7D880E-FADF-4B1E-B2A9-68355A832ECD}.Win8|Any CPU.Build.0 = Release|Any CPU
		{2E7D880E-FADF-4B1E-B2A9-68355A832ECD}.Win8|ARM.ActiveCfg = Release|Any CPU
		{2E7D880E-FADF-4B1E-B2A9-68355A832ECD}.Win8|Mixed Platforms.ActiveCfg = Release|Any CPU
		{2E7D880E-FADF-4B1E-B2A9-68355A832ECD}.Win8|Mixed Platforms.Build.0 = Release|Any CPU
		{2E7D880E-FADF-4B1E-B2A9-68355A832ECD}.Win8|x64.ActiveCfg = Release|Any CPU
		{2E7D880E-FADF-4B1E-B2A9-68355A832ECD}.Win8|x86.ActiveCfg = Release|Any CPU
		{8DAC910B-CE32-49B9-88D0-46F55FC9A77A}.Debug_All|Any CPU.ActiveCfg = Debug|Any CPU
		{8DAC910B-CE32-49B9-88D0-46F55FC9A77A}.Debug_All|Any CPU.Build.0 = Debug|Any CPU
		{8DAC910B-CE32-49B9-88D0-46F55FC9A77A}.Debug_All|ARM.ActiveCfg = Debug|Any CPU
		{8DAC910B-CE32-49B9-88D0-46F55FC9A77A}.Debug_All|Mixed Platforms.ActiveCfg = Debug|Any CPU
		{8DAC910B-CE32-49B9-88D0-46F55FC9A77A}.Debug_All|Mixed Platforms.Build.0 = Debug|Any CPU
		{8DAC910B-CE32-49B9-88D0-46F55FC9A77A}.Debug_All|x64.ActiveCfg = Debug|Any CPU
		{8DAC910B-CE32-49B9-88D0-46F55FC9A77A}.Debug_All|x86.ActiveCfg = Debug|Any CPU
		{8DAC910B-CE32-49B9-88D0-46F55FC9A77A}.Debug|Any CPU.ActiveCfg = Debug|Any CPU
		{8DAC910B-CE32-49B9-88D0-46F55FC9A77A}.Debug|Any CPU.Build.0 = Debug|Any CPU
		{8DAC910B-CE32-49B9-88D0-46F55FC9A77A}.Debug|ARM.ActiveCfg = Debug|Any CPU
		{8DAC910B-CE32-49B9-88D0-46F55FC9A77A}.Debug|Mixed Platforms.ActiveCfg = Debug|Any CPU
		{8DAC910B-CE32-49B9-88D0-46F55FC9A77A}.Debug|Mixed Platforms.Build.0 = Debug|Any CPU
		{8DAC910B-CE32-49B9-88D0-46F55FC9A77A}.Debug|x64.ActiveCfg = Debug|Any CPU
		{8DAC910B-CE32-49B9-88D0-46F55FC9A77A}.Debug|x86.ActiveCfg = Debug|Any CPU
		{8DAC910B-CE32-49B9-88D0-46F55FC9A77A}.Recaptcha|Any CPU.ActiveCfg = Release|Any CPU
		{8DAC910B-CE32-49B9-88D0-46F55FC9A77A}.Recaptcha|Any CPU.Build.0 = Release|Any CPU
		{8DAC910B-CE32-49B9-88D0-46F55FC9A77A}.Recaptcha|ARM.ActiveCfg = Release|Any CPU
		{8DAC910B-CE32-49B9-88D0-46F55FC9A77A}.Recaptcha|Mixed Platforms.ActiveCfg = Release|Any CPU
		{8DAC910B-CE32-49B9-88D0-46F55FC9A77A}.Recaptcha|Mixed Platforms.Build.0 = Release|Any CPU
		{8DAC910B-CE32-49B9-88D0-46F55FC9A77A}.Recaptcha|x64.ActiveCfg = Release|Any CPU
		{8DAC910B-CE32-49B9-88D0-46F55FC9A77A}.Recaptcha|x86.ActiveCfg = Release|Any CPU
		{8DAC910B-CE32-49B9-88D0-46F55FC9A77A}.RedirectExperiments|Any CPU.ActiveCfg = Release|Any CPU
		{8DAC910B-CE32-49B9-88D0-46F55FC9A77A}.RedirectExperiments|Any CPU.Build.0 = Release|Any CPU
		{8DAC910B-CE32-49B9-88D0-46F55FC9A77A}.RedirectExperiments|ARM.ActiveCfg = Release|Any CPU
		{8DAC910B-CE32-49B9-88D0-46F55FC9A77A}.RedirectExperiments|Mixed Platforms.ActiveCfg = Release|Any CPU
		{8DAC910B-CE32-49B9-88D0-46F55FC9A77A}.RedirectExperiments|Mixed Platforms.Build.0 = Release|Any CPU
		{8DAC910B-CE32-49B9-88D0-46F55FC9A77A}.RedirectExperiments|x64.ActiveCfg = Release|Any CPU
		{8DAC910B-CE32-49B9-88D0-46F55FC9A77A}.RedirectExperiments|x86.ActiveCfg = Release|Any CPU
		{8DAC910B-CE32-49B9-88D0-46F55FC9A77A}.Release|Any CPU.ActiveCfg = Release|Any CPU
		{8DAC910B-CE32-49B9-88D0-46F55FC9A77A}.Release|Any CPU.Build.0 = Release|Any CPU
		{8DAC910B-CE32-49B9-88D0-46F55FC9A77A}.Release|ARM.ActiveCfg = Release|Any CPU
		{8DAC910B-CE32-49B9-88D0-46F55FC9A77A}.Release|Mixed Platforms.ActiveCfg = Release|Any CPU
		{8DAC910B-CE32-49B9-88D0-46F55FC9A77A}.Release|Mixed Platforms.Build.0 = Release|Any CPU
		{8DAC910B-CE32-49B9-88D0-46F55FC9A77A}.Release|x64.ActiveCfg = Release|Any CPU
		{8DAC910B-CE32-49B9-88D0-46F55FC9A77A}.Release|x86.ActiveCfg = Release|Any CPU
		{8DAC910B-CE32-49B9-88D0-46F55FC9A77A}.Win8|Any CPU.ActiveCfg = Release|Any CPU
		{8DAC910B-CE32-49B9-88D0-46F55FC9A77A}.Win8|Any CPU.Build.0 = Release|Any CPU
		{8DAC910B-CE32-49B9-88D0-46F55FC9A77A}.Win8|ARM.ActiveCfg = Release|Any CPU
		{8DAC910B-CE32-49B9-88D0-46F55FC9A77A}.Win8|Mixed Platforms.ActiveCfg = Release|Any CPU
		{8DAC910B-CE32-49B9-88D0-46F55FC9A77A}.Win8|Mixed Platforms.Build.0 = Release|Any CPU
		{8DAC910B-CE32-49B9-88D0-46F55FC9A77A}.Win8|x64.ActiveCfg = Release|Any CPU
		{8DAC910B-CE32-49B9-88D0-46F55FC9A77A}.Win8|x86.ActiveCfg = Release|Any CPU
	EndGlobalSection
	GlobalSection(SolutionProperties) = preSolution
		HideSolutionNode = FALSE
	EndGlobalSection
	GlobalSection(NestedProjects) = preSolution
		{B4EDE7D2-82EB-4210-AF5F-DB730C401FC9} = {839F7506-C4BB-4E19-9A5C-302EFD4338D4}
	EndGlobalSection
	GlobalSection(Performance) = preSolution
		HasPerformanceSessions = true
	EndGlobalSection
EndGlobal
